// !$*UTF8*$!
{
	archiveVersion = 1;
	classes = {
	};
	objectVersion = 46;
	objects = {

/* Begin PBXBuildFile section */
		7D0209451F41AC4C002D56F5 /* Bolts.framework in Frameworks */ = {isa = PBXBuildFile; fileRef = 7D02093E1F41AC3D002D56F5 /* Bolts.framework */; };
		7D0209461F41AC4C002D56F5 /* Bolts.framework in Embed Frameworks */ = {isa = PBXBuildFile; fileRef = 7D02093E1F41AC3D002D56F5 /* Bolts.framework */; settings = {ATTRIBUTES = (CodeSignOnCopy, RemoveHeadersOnCopy, ); }; };
		7D0209471F41AC4C002D56F5 /* FBSDKCoreKit.framework in Frameworks */ = {isa = PBXBuildFile; fileRef = 7D02093F1F41AC3D002D56F5 /* FBSDKCoreKit.framework */; };
		7D0209481F41AC4C002D56F5 /* FBSDKCoreKit.framework in Embed Frameworks */ = {isa = PBXBuildFile; fileRef = 7D02093F1F41AC3D002D56F5 /* FBSDKCoreKit.framework */; settings = {ATTRIBUTES = (CodeSignOnCopy, RemoveHeadersOnCopy, ); }; };
		7D0209491F41AC4C002D56F5 /* FBSDKLoginKit.framework in Frameworks */ = {isa = PBXBuildFile; fileRef = 7D0209401F41AC3D002D56F5 /* FBSDKLoginKit.framework */; };
		7D02094A1F41AC4C002D56F5 /* FBSDKLoginKit.framework in Embed Frameworks */ = {isa = PBXBuildFile; fileRef = 7D0209401F41AC3D002D56F5 /* FBSDKLoginKit.framework */; settings = {ATTRIBUTES = (CodeSignOnCopy, RemoveHeadersOnCopy, ); }; };
		7D02094B1F41AC4C002D56F5 /* FBSDKShareKit.framework in Frameworks */ = {isa = PBXBuildFile; fileRef = 7D0209411F41AC3D002D56F5 /* FBSDKShareKit.framework */; };
		7D02094C1F41AC4C002D56F5 /* FBSDKShareKit.framework in Embed Frameworks */ = {isa = PBXBuildFile; fileRef = 7D0209411F41AC3D002D56F5 /* FBSDKShareKit.framework */; settings = {ATTRIBUTES = (CodeSignOnCopy, RemoveHeadersOnCopy, ); }; };
		7D02094D1F41AC4C002D56F5 /* TwitterCore.framework in Frameworks */ = {isa = PBXBuildFile; fileRef = 7D0209431F41AC3D002D56F5 /* TwitterCore.framework */; };
		7D02094E1F41AC4C002D56F5 /* TwitterCore.framework in Embed Frameworks */ = {isa = PBXBuildFile; fileRef = 7D0209431F41AC3D002D56F5 /* TwitterCore.framework */; settings = {ATTRIBUTES = (CodeSignOnCopy, RemoveHeadersOnCopy, ); }; };
		7D02094F1F41AC4C002D56F5 /* TwitterKit.framework in Frameworks */ = {isa = PBXBuildFile; fileRef = 7D0209441F41AC3D002D56F5 /* TwitterKit.framework */; };
		7D0209501F41AC4C002D56F5 /* TwitterKit.framework in Embed Frameworks */ = {isa = PBXBuildFile; fileRef = 7D0209441F41AC3D002D56F5 /* TwitterKit.framework */; settings = {ATTRIBUTES = (CodeSignOnCopy, RemoveHeadersOnCopy, ); }; };
		7D0209521F41AD2D002D56F5 /* AppDelegate.m in Sources */ = {isa = PBXBuildFile; fileRef = 7D290CB71F41A5B700C20ABA /* AppDelegate.m */; };
		7D0209531F41AD2D002D56F5 /* main.m in Sources */ = {isa = PBXBuildFile; fileRef = 7D290CB91F41A5B700C20ABA /* main.m */; };
		7D0209E61F41AE64002D56F5 /* EarthScreenController.m in Sources */ = {isa = PBXBuildFile; fileRef = 7D02095A1F41AE2A002D56F5 /* EarthScreenController.m */; };
		7D0209E71F41AE64002D56F5 /* EarthScreenModel.m in Sources */ = {isa = PBXBuildFile; fileRef = 7D02095F1F41AE2A002D56F5 /* EarthScreenModel.m */; };
		7D0209E81F41AE64002D56F5 /* EarthScreenView.m in Sources */ = {isa = PBXBuildFile; fileRef = 7D0209621F41AE2A002D56F5 /* EarthScreenView.m */; };
		7D0209E91F41AE64002D56F5 /* EarthScreenViewController.m in Sources */ = {isa = PBXBuildFile; fileRef = 7D0209641F41AE2A002D56F5 /* EarthScreenViewController.m */; };
		7D0209EA1F41AE64002D56F5 /* DescriptionController.m in Sources */ = {isa = PBXBuildFile; fileRef = 7D0209691F41AE2A002D56F5 /* DescriptionController.m */; };
		7D0209EB1F41AE64002D56F5 /* DescriptionModel.m in Sources */ = {isa = PBXBuildFile; fileRef = 7D02096E1F41AE2A002D56F5 /* DescriptionModel.m */; };
		7D0209EC1F41AE64002D56F5 /* DescriptionView.m in Sources */ = {isa = PBXBuildFile; fileRef = 7D0209711F41AE2A002D56F5 /* DescriptionView.m */; };
		7D0209ED1F41AE64002D56F5 /* DescriptionViewController.m in Sources */ = {isa = PBXBuildFile; fileRef = 7D0209731F41AE2A002D56F5 /* DescriptionViewController.m */; };
		7D0209EE1F41AE64002D56F5 /* GalleryController.m in Sources */ = {isa = PBXBuildFile; fileRef = 7D0209771F41AE2A002D56F5 /* GalleryController.m */; };
		7D0209EF1F41AE64002D56F5 /* GalleryModel.m in Sources */ = {isa = PBXBuildFile; fileRef = 7D02097C1F41AE2A002D56F5 /* GalleryModel.m */; };
		7D0209F01F41AE64002D56F5 /* CelestialBodyImageCell.m in Sources */ = {isa = PBXBuildFile; fileRef = 7D0209801F41AE2A002D56F5 /* CelestialBodyImageCell.m */; };
		7D0209F11F41AE64002D56F5 /* CustomFlowLayout.m in Sources */ = {isa = PBXBuildFile; fileRef = 7D0209831F41AE2A002D56F5 /* CustomFlowLayout.m */; };
		7D0209F21F41AE64002D56F5 /* GalleryView.m in Sources */ = {isa = PBXBuildFile; fileRef = 7D0209851F41AE2A002D56F5 /* GalleryView.m */; };
		7D0209F31F41AE64002D56F5 /* GalleryViewController.m in Sources */ = {isa = PBXBuildFile; fileRef = 7D0209871F41AE2A002D56F5 /* GalleryViewController.m */; };
		7D0209F41F41AE64002D56F5 /* MapController.m in Sources */ = {isa = PBXBuildFile; fileRef = 7D02098B1F41AE2A002D56F5 /* MapController.m */; };
		7D0209F51F41AE64002D56F5 /* MapModel.m in Sources */ = {isa = PBXBuildFile; fileRef = 7D0209901F41AE2A002D56F5 /* MapModel.m */; };
		7D0209F61F41AE64002D56F5 /* MapView.m in Sources */ = {isa = PBXBuildFile; fileRef = 7D0209931F41AE2A002D56F5 /* MapView.m */; };
		7D0209F71F41AE64002D56F5 /* MapViewController.m in Sources */ = {isa = PBXBuildFile; fileRef = 7D0209951F41AE2A002D56F5 /* MapViewController.m */; };
		7D0209F81F41AE64002D56F5 /* PopupView.m in Sources */ = {isa = PBXBuildFile; fileRef = 7D0209981F41AE2A002D56F5 /* PopupView.m */; };
		7D0209F91F41AE64002D56F5 /* ViewerController.m in Sources */ = {isa = PBXBuildFile; fileRef = 7D02099C1F41AE2A002D56F5 /* ViewerController.m */; };
		7D0209FA1F41AE64002D56F5 /* ViewerModel.m in Sources */ = {isa = PBXBuildFile; fileRef = 7D0209A11F41AE2A002D56F5 /* ViewerModel.m */; };
		7D0209FB1F41AE64002D56F5 /* CropView.m in Sources */ = {isa = PBXBuildFile; fileRef = 7D0209A51F41AE2A002D56F5 /* CropView.m */; };
		7D0209FC1F41AE64002D56F5 /* UIImage+Filtering.m in Sources */ = {isa = PBXBuildFile; fileRef = 7D0209A81F41AE2A002D56F5 /* UIImage+Filtering.m */; };
		7D0209FD1F41AE64002D56F5 /* ViewerView.m in Sources */ = {isa = PBXBuildFile; fileRef = 7D0209AA1F41AE2A002D56F5 /* ViewerView.m */; };
		7D0209FE1F41AE64002D56F5 /* ViewerViewController.m in Sources */ = {isa = PBXBuildFile; fileRef = 7D0209AC1F41AE2A002D56F5 /* ViewerViewController.m */; };
		7D0209FF1F41AE64002D56F5 /* RootNavigationController.m in Sources */ = {isa = PBXBuildFile; fileRef = 7D0209AF1F41AE2A002D56F5 /* RootNavigationController.m */; };
		7D020A001F41AE64002D56F5 /* SplashController.m in Sources */ = {isa = PBXBuildFile; fileRef = 7D0209B31F41AE2A002D56F5 /* SplashController.m */; };
		7D020A011F41AE64002D56F5 /* SplashModel.m in Sources */ = {isa = PBXBuildFile; fileRef = 7D0209B61F41AE2A002D56F5 /* SplashModel.m */; };
		7D020A021F41AE64002D56F5 /* UIImage+animatedGIF.m in Sources */ = {isa = PBXBuildFile; fileRef = 7D0209B91F41AE2A002D56F5 /* UIImage+animatedGIF.m */; };
		7D020A031F41AE64002D56F5 /* SplashView.m in Sources */ = {isa = PBXBuildFile; fileRef = 7D0209BC1F41AE2A002D56F5 /* SplashView.m */; };
		7D020A041F41AE64002D56F5 /* SplashViewController.m in Sources */ = {isa = PBXBuildFile; fileRef = 7D0209BE1F41AE2A002D56F5 /* SplashViewController.m */; };
		7D020A051F41AE64002D56F5 /* CelestialBodyEntity.m in Sources */ = {isa = PBXBuildFile; fileRef = 7D0209C31F41AE2A002D56F5 /* CelestialBodyEntity.m */; };
		7D020A061F41AE64002D56F5 /* ManagedCelesctialBodyEntity.m in Sources */ = {isa = PBXBuildFile; fileRef = 7D0209C51F41AE2A002D56F5 /* ManagedCelesctialBodyEntity.m */; };
		7D020A071F41AE64002D56F5 /* DataStorageManager.m in Sources */ = {isa = PBXBuildFile; fileRef = 7D0209C91F41AE2A002D56F5 /* DataStorageManager.m */; };
		7D020A081F41AE64002D56F5 /* SharingController.m in Sources */ = {isa = PBXBuildFile; fileRef = 7D0209CD1F41AE2A002D56F5 /* SharingController.m */; };
		7D020A091F41AE64002D56F5 /* SharingModel.m in Sources */ = {isa = PBXBuildFile; fileRef = 7D0209D21F41AE2A002D56F5 /* SharingModel.m */; };
		7D020A0A1F41AE64002D56F5 /* SharingView.m in Sources */ = {isa = PBXBuildFile; fileRef = 7D0209D51F41AE2A002D56F5 /* SharingView.m */; };
		7D020A0B1F41AE64002D56F5 /* SharingViewController.m in Sources */ = {isa = PBXBuildFile; fileRef = 7D0209D71F41AE2A002D56F5 /* SharingViewController.m */; };
		7D020A0C1F41AE64002D56F5 /* SideMenuController.m in Sources */ = {isa = PBXBuildFile; fileRef = 7D0209DB1F41AE2A002D56F5 /* SideMenuController.m */; };
		7D020A0D1F41AE64002D56F5 /* SideMenuModel.m in Sources */ = {isa = PBXBuildFile; fileRef = 7D0209E01F41AE2A002D56F5 /* SideMenuModel.m */; };
		7D020A0E1F41AE64002D56F5 /* SideMenuView.m in Sources */ = {isa = PBXBuildFile; fileRef = 7D0209E31F41AE2A002D56F5 /* SideMenuView.m */; };
		7D020A0F1F41AE64002D56F5 /* SideMenuViewController.m in Sources */ = {isa = PBXBuildFile; fileRef = 7D0209E51F41AE2A002D56F5 /* SideMenuViewController.m */; };
		7D020A2D1F41CFEE002D56F5 /* aladin.js in Resources */ = {isa = PBXBuildFile; fileRef = 7D020A2A1F41CFB7002D56F5 /* aladin.js */; };
		7D020A2E1F41CFEE002D56F5 /* AladinMap.html in Resources */ = {isa = PBXBuildFile; fileRef = 7D020A2B1F41CFB7002D56F5 /* AladinMap.html */; };
		7D020A2F1F41CFEE002D56F5 /* jquery-1.10.1.min.js in Resources */ = {isa = PBXBuildFile; fileRef = 7D020A2C1F41CFB7002D56F5 /* jquery-1.10.1.min.js */; };
		7D020A301F41CFEE002D56F5 /* Assets.xcassets in Resources */ = {isa = PBXBuildFile; fileRef = 7D020A281F41CFB7002D56F5 /* Assets.xcassets */; };
		7D020A311F41CFEE002D56F5 /* giphy.gif in Resources */ = {isa = PBXBuildFile; fileRef = 7D020A271F41CFB7002D56F5 /* giphy.gif */; };
		7D020A3F1F420459002D56F5 /* TwitterKitResources.bundle in Resources */ = {isa = PBXBuildFile; fileRef = 7D020A3C1F4203EA002D56F5 /* TwitterKitResources.bundle */; };
/* End PBXBuildFile section */

/* Begin PBXCopyFilesBuildPhase section */
		7D0209511F41AC4D002D56F5 /* Embed Frameworks */ = {
			isa = PBXCopyFilesBuildPhase;
			buildActionMask = 2147483647;
			dstPath = "";
			dstSubfolderSpec = 10;
			files = (
				7D02094E1F41AC4C002D56F5 /* TwitterCore.framework in Embed Frameworks */,
				7D02094C1F41AC4C002D56F5 /* FBSDKShareKit.framework in Embed Frameworks */,
				7D0209461F41AC4C002D56F5 /* Bolts.framework in Embed Frameworks */,
				7D0209481F41AC4C002D56F5 /* FBSDKCoreKit.framework in Embed Frameworks */,
				7D02094A1F41AC4C002D56F5 /* FBSDKLoginKit.framework in Embed Frameworks */,
				7D0209501F41AC4C002D56F5 /* TwitterKit.framework in Embed Frameworks */,
			);
			name = "Embed Frameworks";
			runOnlyForDeploymentPostprocessing = 0;
		};
/* End PBXCopyFilesBuildPhase section */

/* Begin PBXFileReference section */
		7D02093E1F41AC3D002D56F5 /* Bolts.framework */ = {isa = PBXFileReference; lastKnownFileType = wrapper.framework; path = Bolts.framework; sourceTree = "<group>"; };
		7D02093F1F41AC3D002D56F5 /* FBSDKCoreKit.framework */ = {isa = PBXFileReference; lastKnownFileType = wrapper.framework; path = FBSDKCoreKit.framework; sourceTree = "<group>"; };
		7D0209401F41AC3D002D56F5 /* FBSDKLoginKit.framework */ = {isa = PBXFileReference; lastKnownFileType = wrapper.framework; path = FBSDKLoginKit.framework; sourceTree = "<group>"; };
		7D0209411F41AC3D002D56F5 /* FBSDKShareKit.framework */ = {isa = PBXFileReference; lastKnownFileType = wrapper.framework; path = FBSDKShareKit.framework; sourceTree = "<group>"; };
		7D0209431F41AC3D002D56F5 /* TwitterCore.framework */ = {isa = PBXFileReference; lastKnownFileType = wrapper.framework; path = TwitterCore.framework; sourceTree = "<group>"; };
		7D0209441F41AC3D002D56F5 /* TwitterKit.framework */ = {isa = PBXFileReference; lastKnownFileType = wrapper.framework; path = TwitterKit.framework; sourceTree = "<group>"; };
		7D0209591F41AE2A002D56F5 /* EarthScreenController.h */ = {isa = PBXFileReference; lastKnownFileType = sourcecode.c.h; path = EarthScreenController.h; sourceTree = "<group>"; };
		7D02095A1F41AE2A002D56F5 /* EarthScreenController.m */ = {isa = PBXFileReference; lastKnownFileType = sourcecode.c.objc; path = EarthScreenController.m; sourceTree = "<group>"; };
		7D02095C1F41AE2A002D56F5 /* EarthScreenProtocols.h */ = {isa = PBXFileReference; lastKnownFileType = sourcecode.c.h; path = EarthScreenProtocols.h; sourceTree = "<group>"; };
		7D02095E1F41AE2A002D56F5 /* EarthScreenModel.h */ = {isa = PBXFileReference; lastKnownFileType = sourcecode.c.h; path = EarthScreenModel.h; sourceTree = "<group>"; };
		7D02095F1F41AE2A002D56F5 /* EarthScreenModel.m */ = {isa = PBXFileReference; lastKnownFileType = sourcecode.c.objc; path = EarthScreenModel.m; sourceTree = "<group>"; };
		7D0209611F41AE2A002D56F5 /* EarthScreenView.h */ = {isa = PBXFileReference; lastKnownFileType = sourcecode.c.h; path = EarthScreenView.h; sourceTree = "<group>"; };
		7D0209621F41AE2A002D56F5 /* EarthScreenView.m */ = {isa = PBXFileReference; lastKnownFileType = sourcecode.c.objc; path = EarthScreenView.m; sourceTree = "<group>"; };
		7D0209631F41AE2A002D56F5 /* EarthScreenViewController.h */ = {isa = PBXFileReference; lastKnownFileType = sourcecode.c.h; path = EarthScreenViewController.h; sourceTree = "<group>"; };
		7D0209641F41AE2A002D56F5 /* EarthScreenViewController.m */ = {isa = PBXFileReference; lastKnownFileType = sourcecode.c.objc; path = EarthScreenViewController.m; sourceTree = "<group>"; };
		7D0209681F41AE2A002D56F5 /* DescriptionController.h */ = {isa = PBXFileReference; lastKnownFileType = sourcecode.c.h; path = DescriptionController.h; sourceTree = "<group>"; };
		7D0209691F41AE2A002D56F5 /* DescriptionController.m */ = {isa = PBXFileReference; lastKnownFileType = sourcecode.c.objc; path = DescriptionController.m; sourceTree = "<group>"; };
		7D02096B1F41AE2A002D56F5 /* DescriptionProtocols.h */ = {isa = PBXFileReference; lastKnownFileType = sourcecode.c.h; path = DescriptionProtocols.h; sourceTree = "<group>"; };
		7D02096D1F41AE2A002D56F5 /* DescriptionModel.h */ = {isa = PBXFileReference; lastKnownFileType = sourcecode.c.h; path = DescriptionModel.h; sourceTree = "<group>"; };
		7D02096E1F41AE2A002D56F5 /* DescriptionModel.m */ = {isa = PBXFileReference; lastKnownFileType = sourcecode.c.objc; path = DescriptionModel.m; sourceTree = "<group>"; };
		7D0209701F41AE2A002D56F5 /* DescriptionView.h */ = {isa = PBXFileReference; lastKnownFileType = sourcecode.c.h; path = DescriptionView.h; sourceTree = "<group>"; };
		7D0209711F41AE2A002D56F5 /* DescriptionView.m */ = {isa = PBXFileReference; lastKnownFileType = sourcecode.c.objc; path = DescriptionView.m; sourceTree = "<group>"; };
		7D0209721F41AE2A002D56F5 /* DescriptionViewController.h */ = {isa = PBXFileReference; lastKnownFileType = sourcecode.c.h; path = DescriptionViewController.h; sourceTree = "<group>"; };
		7D0209731F41AE2A002D56F5 /* DescriptionViewController.m */ = {isa = PBXFileReference; lastKnownFileType = sourcecode.c.objc; path = DescriptionViewController.m; sourceTree = "<group>"; };
		7D0209761F41AE2A002D56F5 /* GalleryController.h */ = {isa = PBXFileReference; lastKnownFileType = sourcecode.c.h; path = GalleryController.h; sourceTree = "<group>"; };
		7D0209771F41AE2A002D56F5 /* GalleryController.m */ = {isa = PBXFileReference; lastKnownFileType = sourcecode.c.objc; path = GalleryController.m; sourceTree = "<group>"; };
		7D0209791F41AE2A002D56F5 /* GalleryProtocols.h */ = {isa = PBXFileReference; lastKnownFileType = sourcecode.c.h; path = GalleryProtocols.h; sourceTree = "<group>"; };
		7D02097B1F41AE2A002D56F5 /* GalleryModel.h */ = {isa = PBXFileReference; lastKnownFileType = sourcecode.c.h; path = GalleryModel.h; sourceTree = "<group>"; };
		7D02097C1F41AE2A002D56F5 /* GalleryModel.m */ = {isa = PBXFileReference; lastKnownFileType = sourcecode.c.objc; path = GalleryModel.m; sourceTree = "<group>"; };
		7D02097F1F41AE2A002D56F5 /* CelestialBodyImageCell.h */ = {isa = PBXFileReference; lastKnownFileType = sourcecode.c.h; path = CelestialBodyImageCell.h; sourceTree = "<group>"; };
		7D0209801F41AE2A002D56F5 /* CelestialBodyImageCell.m */ = {isa = PBXFileReference; lastKnownFileType = sourcecode.c.objc; path = CelestialBodyImageCell.m; sourceTree = "<group>"; };
		7D0209821F41AE2A002D56F5 /* CustomFlowLayout.h */ = {isa = PBXFileReference; lastKnownFileType = sourcecode.c.h; path = CustomFlowLayout.h; sourceTree = "<group>"; };
		7D0209831F41AE2A002D56F5 /* CustomFlowLayout.m */ = {isa = PBXFileReference; lastKnownFileType = sourcecode.c.objc; path = CustomFlowLayout.m; sourceTree = "<group>"; };
		7D0209841F41AE2A002D56F5 /* GalleryView.h */ = {isa = PBXFileReference; lastKnownFileType = sourcecode.c.h; path = GalleryView.h; sourceTree = "<group>"; };
		7D0209851F41AE2A002D56F5 /* GalleryView.m */ = {isa = PBXFileReference; lastKnownFileType = sourcecode.c.objc; path = GalleryView.m; sourceTree = "<group>"; };
		7D0209861F41AE2A002D56F5 /* GalleryViewController.h */ = {isa = PBXFileReference; lastKnownFileType = sourcecode.c.h; path = GalleryViewController.h; sourceTree = "<group>"; };
		7D0209871F41AE2A002D56F5 /* GalleryViewController.m */ = {isa = PBXFileReference; lastKnownFileType = sourcecode.c.objc; path = GalleryViewController.m; sourceTree = "<group>"; };
		7D02098A1F41AE2A002D56F5 /* MapController.h */ = {isa = PBXFileReference; lastKnownFileType = sourcecode.c.h; path = MapController.h; sourceTree = "<group>"; };
		7D02098B1F41AE2A002D56F5 /* MapController.m */ = {isa = PBXFileReference; lastKnownFileType = sourcecode.c.objc; path = MapController.m; sourceTree = "<group>"; };
		7D02098D1F41AE2A002D56F5 /* MapProtocols.h */ = {isa = PBXFileReference; lastKnownFileType = sourcecode.c.h; path = MapProtocols.h; sourceTree = "<group>"; };
		7D02098F1F41AE2A002D56F5 /* MapModel.h */ = {isa = PBXFileReference; lastKnownFileType = sourcecode.c.h; path = MapModel.h; sourceTree = "<group>"; };
		7D0209901F41AE2A002D56F5 /* MapModel.m */ = {isa = PBXFileReference; lastKnownFileType = sourcecode.c.objc; path = MapModel.m; sourceTree = "<group>"; };
		7D0209921F41AE2A002D56F5 /* MapView.h */ = {isa = PBXFileReference; lastKnownFileType = sourcecode.c.h; path = MapView.h; sourceTree = "<group>"; };
		7D0209931F41AE2A002D56F5 /* MapView.m */ = {isa = PBXFileReference; lastKnownFileType = sourcecode.c.objc; path = MapView.m; sourceTree = "<group>"; };
		7D0209941F41AE2A002D56F5 /* MapViewController.h */ = {isa = PBXFileReference; lastKnownFileType = sourcecode.c.h; path = MapViewController.h; sourceTree = "<group>"; };
		7D0209951F41AE2A002D56F5 /* MapViewController.m */ = {isa = PBXFileReference; lastKnownFileType = sourcecode.c.objc; path = MapViewController.m; sourceTree = "<group>"; };
		7D0209971F41AE2A002D56F5 /* PopupView.h */ = {isa = PBXFileReference; lastKnownFileType = sourcecode.c.h; path = PopupView.h; sourceTree = "<group>"; };
		7D0209981F41AE2A002D56F5 /* PopupView.m */ = {isa = PBXFileReference; lastKnownFileType = sourcecode.c.objc; path = PopupView.m; sourceTree = "<group>"; };
		7D02099B1F41AE2A002D56F5 /* ViewerController.h */ = {isa = PBXFileReference; lastKnownFileType = sourcecode.c.h; path = ViewerController.h; sourceTree = "<group>"; };
		7D02099C1F41AE2A002D56F5 /* ViewerController.m */ = {isa = PBXFileReference; lastKnownFileType = sourcecode.c.objc; path = ViewerController.m; sourceTree = "<group>"; };
		7D02099E1F41AE2A002D56F5 /* ViewerProtocols.h */ = {isa = PBXFileReference; lastKnownFileType = sourcecode.c.h; path = ViewerProtocols.h; sourceTree = "<group>"; };
		7D0209A01F41AE2A002D56F5 /* ViewerModel.h */ = {isa = PBXFileReference; lastKnownFileType = sourcecode.c.h; path = ViewerModel.h; sourceTree = "<group>"; };
		7D0209A11F41AE2A002D56F5 /* ViewerModel.m */ = {isa = PBXFileReference; lastKnownFileType = sourcecode.c.objc; path = ViewerModel.m; sourceTree = "<group>"; };
		7D0209A41F41AE2A002D56F5 /* CropView.h */ = {isa = PBXFileReference; lastKnownFileType = sourcecode.c.h; path = CropView.h; sourceTree = "<group>"; };
		7D0209A51F41AE2A002D56F5 /* CropView.m */ = {isa = PBXFileReference; lastKnownFileType = sourcecode.c.objc; path = CropView.m; sourceTree = "<group>"; };
		7D0209A71F41AE2A002D56F5 /* UIImage+Filtering.h */ = {isa = PBXFileReference; lastKnownFileType = sourcecode.c.h; path = "UIImage+Filtering.h"; sourceTree = "<group>"; };
		7D0209A81F41AE2A002D56F5 /* UIImage+Filtering.m */ = {isa = PBXFileReference; lastKnownFileType = sourcecode.c.objc; path = "UIImage+Filtering.m"; sourceTree = "<group>"; };
		7D0209A91F41AE2A002D56F5 /* ViewerView.h */ = {isa = PBXFileReference; lastKnownFileType = sourcecode.c.h; path = ViewerView.h; sourceTree = "<group>"; };
		7D0209AA1F41AE2A002D56F5 /* ViewerView.m */ = {isa = PBXFileReference; lastKnownFileType = sourcecode.c.objc; path = ViewerView.m; sourceTree = "<group>"; };
		7D0209AB1F41AE2A002D56F5 /* ViewerViewController.h */ = {isa = PBXFileReference; lastKnownFileType = sourcecode.c.h; path = ViewerViewController.h; sourceTree = "<group>"; };
		7D0209AC1F41AE2A002D56F5 /* ViewerViewController.m */ = {isa = PBXFileReference; lastKnownFileType = sourcecode.c.objc; path = ViewerViewController.m; sourceTree = "<group>"; };
		7D0209AE1F41AE2A002D56F5 /* RootNavigationController.h */ = {isa = PBXFileReference; lastKnownFileType = sourcecode.c.h; path = RootNavigationController.h; sourceTree = "<group>"; };
		7D0209AF1F41AE2A002D56F5 /* RootNavigationController.m */ = {isa = PBXFileReference; lastKnownFileType = sourcecode.c.objc; path = RootNavigationController.m; sourceTree = "<group>"; };
		7D0209B21F41AE2A002D56F5 /* SplashController.h */ = {isa = PBXFileReference; lastKnownFileType = sourcecode.c.h; path = SplashController.h; sourceTree = "<group>"; };
		7D0209B31F41AE2A002D56F5 /* SplashController.m */ = {isa = PBXFileReference; lastKnownFileType = sourcecode.c.objc; path = SplashController.m; sourceTree = "<group>"; };
		7D0209B51F41AE2A002D56F5 /* SplashModel.h */ = {isa = PBXFileReference; lastKnownFileType = sourcecode.c.h; path = SplashModel.h; sourceTree = "<group>"; };
		7D0209B61F41AE2A002D56F5 /* SplashModel.m */ = {isa = PBXFileReference; lastKnownFileType = sourcecode.c.objc; path = SplashModel.m; sourceTree = "<group>"; };
		7D0209B71F41AE2A002D56F5 /* SplashProtocols.h */ = {isa = PBXFileReference; lastKnownFileType = sourcecode.c.h; path = SplashProtocols.h; sourceTree = "<group>"; };
		7D0209B81F41AE2A002D56F5 /* UIImage+animatedGIF.h */ = {isa = PBXFileReference; lastKnownFileType = sourcecode.c.h; path = "UIImage+animatedGIF.h"; sourceTree = "<group>"; };
		7D0209B91F41AE2A002D56F5 /* UIImage+animatedGIF.m */ = {isa = PBXFileReference; lastKnownFileType = sourcecode.c.objc; path = "UIImage+animatedGIF.m"; sourceTree = "<group>"; };
		7D0209BB1F41AE2A002D56F5 /* SplashView.h */ = {isa = PBXFileReference; lastKnownFileType = sourcecode.c.h; path = SplashView.h; sourceTree = "<group>"; };
		7D0209BC1F41AE2A002D56F5 /* SplashView.m */ = {isa = PBXFileReference; lastKnownFileType = sourcecode.c.objc; path = SplashView.m; sourceTree = "<group>"; };
		7D0209BD1F41AE2A002D56F5 /* SplashViewController.h */ = {isa = PBXFileReference; lastKnownFileType = sourcecode.c.h; path = SplashViewController.h; sourceTree = "<group>"; };
		7D0209BE1F41AE2A002D56F5 /* SplashViewController.m */ = {isa = PBXFileReference; lastKnownFileType = sourcecode.c.objc; path = SplashViewController.m; sourceTree = "<group>"; };
		7D0209C21F41AE2A002D56F5 /* CelestialBodyEntity.h */ = {isa = PBXFileReference; lastKnownFileType = sourcecode.c.h; path = CelestialBodyEntity.h; sourceTree = "<group>"; };
		7D0209C31F41AE2A002D56F5 /* CelestialBodyEntity.m */ = {isa = PBXFileReference; lastKnownFileType = sourcecode.c.objc; path = CelestialBodyEntity.m; sourceTree = "<group>"; };
		7D0209C41F41AE2A002D56F5 /* ManagedCelesctialBodyEntity.h */ = {isa = PBXFileReference; lastKnownFileType = sourcecode.c.h; path = ManagedCelesctialBodyEntity.h; sourceTree = "<group>"; };
		7D0209C51F41AE2A002D56F5 /* ManagedCelesctialBodyEntity.m */ = {isa = PBXFileReference; lastKnownFileType = sourcecode.c.objc; path = ManagedCelesctialBodyEntity.m; sourceTree = "<group>"; };
		7D0209C81F41AE2A002D56F5 /* DataStorageManager.h */ = {isa = PBXFileReference; lastKnownFileType = sourcecode.c.h; path = DataStorageManager.h; sourceTree = "<group>"; };
		7D0209C91F41AE2A002D56F5 /* DataStorageManager.m */ = {isa = PBXFileReference; lastKnownFileType = sourcecode.c.objc; path = DataStorageManager.m; sourceTree = "<group>"; };
		7D0209CC1F41AE2A002D56F5 /* SharingController.h */ = {isa = PBXFileReference; lastKnownFileType = sourcecode.c.h; path = SharingController.h; sourceTree = "<group>"; };
		7D0209CD1F41AE2A002D56F5 /* SharingController.m */ = {isa = PBXFileReference; lastKnownFileType = sourcecode.c.objc; path = SharingController.m; sourceTree = "<group>"; };
		7D0209CF1F41AE2A002D56F5 /* SharingProtocols.h */ = {isa = PBXFileReference; lastKnownFileType = sourcecode.c.h; path = SharingProtocols.h; sourceTree = "<group>"; };
		7D0209D11F41AE2A002D56F5 /* SharingModel.h */ = {isa = PBXFileReference; lastKnownFileType = sourcecode.c.h; path = SharingModel.h; sourceTree = "<group>"; };
		7D0209D21F41AE2A002D56F5 /* SharingModel.m */ = {isa = PBXFileReference; lastKnownFileType = sourcecode.c.objc; path = SharingModel.m; sourceTree = "<group>"; };
		7D0209D41F41AE2A002D56F5 /* SharingView.h */ = {isa = PBXFileReference; lastKnownFileType = sourcecode.c.h; path = SharingView.h; sourceTree = "<group>"; };
		7D0209D51F41AE2A002D56F5 /* SharingView.m */ = {isa = PBXFileReference; lastKnownFileType = sourcecode.c.objc; path = SharingView.m; sourceTree = "<group>"; };
		7D0209D61F41AE2A002D56F5 /* SharingViewController.h */ = {isa = PBXFileReference; lastKnownFileType = sourcecode.c.h; path = SharingViewController.h; sourceTree = "<group>"; };
		7D0209D71F41AE2A002D56F5 /* SharingViewController.m */ = {isa = PBXFileReference; lastKnownFileType = sourcecode.c.objc; path = SharingViewController.m; sourceTree = "<group>"; };
		7D0209DA1F41AE2A002D56F5 /* SideMenuController.h */ = {isa = PBXFileReference; lastKnownFileType = sourcecode.c.h; path = SideMenuController.h; sourceTree = "<group>"; };
		7D0209DB1F41AE2A002D56F5 /* SideMenuController.m */ = {isa = PBXFileReference; lastKnownFileType = sourcecode.c.objc; path = SideMenuController.m; sourceTree = "<group>"; };
		7D0209DD1F41AE2A002D56F5 /* SideMenuProtocols.h */ = {isa = PBXFileReference; lastKnownFileType = sourcecode.c.h; path = SideMenuProtocols.h; sourceTree = "<group>"; };
		7D0209DF1F41AE2A002D56F5 /* SideMenuModel.h */ = {isa = PBXFileReference; lastKnownFileType = sourcecode.c.h; path = SideMenuModel.h; sourceTree = "<group>"; };
		7D0209E01F41AE2A002D56F5 /* SideMenuModel.m */ = {isa = PBXFileReference; lastKnownFileType = sourcecode.c.objc; path = SideMenuModel.m; sourceTree = "<group>"; };
		7D0209E21F41AE2A002D56F5 /* SideMenuView.h */ = {isa = PBXFileReference; lastKnownFileType = sourcecode.c.h; path = SideMenuView.h; sourceTree = "<group>"; };
		7D0209E31F41AE2A002D56F5 /* SideMenuView.m */ = {isa = PBXFileReference; lastKnownFileType = sourcecode.c.objc; path = SideMenuView.m; sourceTree = "<group>"; };
		7D0209E41F41AE2A002D56F5 /* SideMenuViewController.h */ = {isa = PBXFileReference; lastKnownFileType = sourcecode.c.h; path = SideMenuViewController.h; sourceTree = "<group>"; };
		7D0209E51F41AE2A002D56F5 /* SideMenuViewController.m */ = {isa = PBXFileReference; lastKnownFileType = sourcecode.c.objc; path = SideMenuViewController.m; sourceTree = "<group>"; };
		7D020A271F41CFB7002D56F5 /* giphy.gif */ = {isa = PBXFileReference; lastKnownFileType = image.gif; name = giphy.gif; path = Resources/giphy.gif; sourceTree = SOURCE_ROOT; };
		7D020A281F41CFB7002D56F5 /* Assets.xcassets */ = {isa = PBXFileReference; lastKnownFileType = folder.assetcatalog; name = Assets.xcassets; path = Resources/Assets.xcassets; sourceTree = SOURCE_ROOT; };
		7D020A2A1F41CFB7002D56F5 /* aladin.js */ = {isa = PBXFileReference; lastKnownFileType = sourcecode.javascript; path = aladin.js; sourceTree = "<group>"; };
		7D020A2B1F41CFB7002D56F5 /* AladinMap.html */ = {isa = PBXFileReference; lastKnownFileType = text.html; path = AladinMap.html; sourceTree = "<group>"; };
		7D020A2C1F41CFB7002D56F5 /* jquery-1.10.1.min.js */ = {isa = PBXFileReference; lastKnownFileType = sourcecode.javascript; path = "jquery-1.10.1.min.js"; sourceTree = "<group>"; };
		7D020A3C1F4203EA002D56F5 /* TwitterKitResources.bundle */ = {isa = PBXFileReference; lastKnownFileType = "wrapper.plug-in"; path = TwitterKitResources.bundle; sourceTree = "<group>"; };
		7D290CB61F41A5B700C20ABA /* AppDelegate.h */ = {isa = PBXFileReference; lastKnownFileType = sourcecode.c.h; path = AppDelegate.h; sourceTree = "<group>"; };
		7D290CB71F41A5B700C20ABA /* AppDelegate.m */ = {isa = PBXFileReference; lastKnownFileType = sourcecode.c.objc; path = AppDelegate.m; sourceTree = "<group>"; };
		7D290CB81F41A5B700C20ABA /* Info.plist */ = {isa = PBXFileReference; lastKnownFileType = text.plist.xml; path = Info.plist; sourceTree = "<group>"; };
		7D290CB91F41A5B700C20ABA /* main.m */ = {isa = PBXFileReference; lastKnownFileType = sourcecode.c.objc; path = main.m; sourceTree = "<group>"; };
		7DFF4A281F1CCAB600E5A602 /* briznichenkoProject.app */ = {isa = PBXFileReference; explicitFileType = wrapper.application; includeInIndex = 0; path = briznichenkoProject.app; sourceTree = BUILT_PRODUCTS_DIR; };
/* End PBXFileReference section */

/* Begin PBXFrameworksBuildPhase section */
		7DFF4A251F1CCAB600E5A602 /* Frameworks */ = {
			isa = PBXFrameworksBuildPhase;
			buildActionMask = 2147483647;
			files = (
				7D02094D1F41AC4C002D56F5 /* TwitterCore.framework in Frameworks */,
				7D02094B1F41AC4C002D56F5 /* FBSDKShareKit.framework in Frameworks */,
				7D0209451F41AC4C002D56F5 /* Bolts.framework in Frameworks */,
				7D0209471F41AC4C002D56F5 /* FBSDKCoreKit.framework in Frameworks */,
				7D0209491F41AC4C002D56F5 /* FBSDKLoginKit.framework in Frameworks */,
				7D02094F1F41AC4C002D56F5 /* TwitterKit.framework in Frameworks */,
			);
			runOnlyForDeploymentPostprocessing = 0;
		};
/* End PBXFrameworksBuildPhase section */

/* Begin PBXGroup section */
		7D02093D1F41AC3D002D56F5 /* FacebookSDK */ = {
			isa = PBXGroup;
			children = (
				7D02093E1F41AC3D002D56F5 /* Bolts.framework */,
				7D02093F1F41AC3D002D56F5 /* FBSDKCoreKit.framework */,
				7D0209401F41AC3D002D56F5 /* FBSDKLoginKit.framework */,
				7D0209411F41AC3D002D56F5 /* FBSDKShareKit.framework */,
			);
			path = FacebookSDK;
			sourceTree = "<group>";
		};
		7D0209421F41AC3D002D56F5 /* TwitterSDK */ = {
			isa = PBXGroup;
			children = (
				7D020A3C1F4203EA002D56F5 /* TwitterKitResources.bundle */,
				7D0209431F41AC3D002D56F5 /* TwitterCore.framework */,
				7D0209441F41AC3D002D56F5 /* TwitterKit.framework */,
			);
			path = TwitterSDK;
			sourceTree = "<group>";
		};
		7D0209541F41AE2A002D56F5 /* Classes */ = {
			isa = PBXGroup;
			children = (
				7D0209551F41AE2A002D56F5 /* Sequences */,
				7D0209BF1F41AE2A002D56F5 /* Shared */,
			);
			name = Classes;
			path = briznichenkoProject/Classes;
			sourceTree = "<group>";
		};
		7D0209551F41AE2A002D56F5 /* Sequences */ = {
			isa = PBXGroup;
			children = (
				7D0209561F41AE2A002D56F5 /* EarthSequence */,
				7D0209651F41AE2A002D56F5 /* GalaxyMapSequence */,
				7D0209AD1F41AE2A002D56F5 /* InitialSequence */,
			);
			path = Sequences;
			sourceTree = "<group>";
		};
		7D0209561F41AE2A002D56F5 /* EarthSequence */ = {
			isa = PBXGroup;
			children = (
				7D0209571F41AE2A002D56F5 /* EarthScreen */,
			);
			path = EarthSequence;
			sourceTree = "<group>";
		};
		7D0209571F41AE2A002D56F5 /* EarthScreen */ = {
			isa = PBXGroup;
			children = (
				7D0209581F41AE2A002D56F5 /* Controller */,
				7D02095B1F41AE2A002D56F5 /* Interface */,
				7D02095D1F41AE2A002D56F5 /* Model */,
				7D0209601F41AE2A002D56F5 /* View */,
			);
			path = EarthScreen;
			sourceTree = "<group>";
		};
		7D0209581F41AE2A002D56F5 /* Controller */ = {
			isa = PBXGroup;
			children = (
				7D0209591F41AE2A002D56F5 /* EarthScreenController.h */,
				7D02095A1F41AE2A002D56F5 /* EarthScreenController.m */,
			);
			path = Controller;
			sourceTree = "<group>";
		};
		7D02095B1F41AE2A002D56F5 /* Interface */ = {
			isa = PBXGroup;
			children = (
				7D02095C1F41AE2A002D56F5 /* EarthScreenProtocols.h */,
			);
			path = Interface;
			sourceTree = "<group>";
		};
		7D02095D1F41AE2A002D56F5 /* Model */ = {
			isa = PBXGroup;
			children = (
				7D02095E1F41AE2A002D56F5 /* EarthScreenModel.h */,
				7D02095F1F41AE2A002D56F5 /* EarthScreenModel.m */,
			);
			path = Model;
			sourceTree = "<group>";
		};
		7D0209601F41AE2A002D56F5 /* View */ = {
			isa = PBXGroup;
			children = (
				7D0209611F41AE2A002D56F5 /* EarthScreenView.h */,
				7D0209621F41AE2A002D56F5 /* EarthScreenView.m */,
				7D0209631F41AE2A002D56F5 /* EarthScreenViewController.h */,
				7D0209641F41AE2A002D56F5 /* EarthScreenViewController.m */,
			);
			path = View;
			sourceTree = "<group>";
		};
		7D0209651F41AE2A002D56F5 /* GalaxyMapSequence */ = {
			isa = PBXGroup;
			children = (
				7D0209661F41AE2A002D56F5 /* Description */,
				7D0209741F41AE2A002D56F5 /* Gallery */,
				7D0209881F41AE2A002D56F5 /* Map */,
				7D0209991F41AE2A002D56F5 /* Viewer */,
			);
			path = GalaxyMapSequence;
			sourceTree = "<group>";
		};
		7D0209661F41AE2A002D56F5 /* Description */ = {
			isa = PBXGroup;
			children = (
				7D0209671F41AE2A002D56F5 /* Controller */,
				7D02096A1F41AE2A002D56F5 /* Interface */,
				7D02096C1F41AE2A002D56F5 /* Model */,
				7D02096F1F41AE2A002D56F5 /* View */,
			);
			path = Description;
			sourceTree = "<group>";
		};
		7D0209671F41AE2A002D56F5 /* Controller */ = {
			isa = PBXGroup;
			children = (
				7D0209681F41AE2A002D56F5 /* DescriptionController.h */,
				7D0209691F41AE2A002D56F5 /* DescriptionController.m */,
			);
			path = Controller;
			sourceTree = "<group>";
		};
		7D02096A1F41AE2A002D56F5 /* Interface */ = {
			isa = PBXGroup;
			children = (
				7D02096B1F41AE2A002D56F5 /* DescriptionProtocols.h */,
			);
			path = Interface;
			sourceTree = "<group>";
		};
		7D02096C1F41AE2A002D56F5 /* Model */ = {
			isa = PBXGroup;
			children = (
				7D02096D1F41AE2A002D56F5 /* DescriptionModel.h */,
				7D02096E1F41AE2A002D56F5 /* DescriptionModel.m */,
			);
			path = Model;
			sourceTree = "<group>";
		};
		7D02096F1F41AE2A002D56F5 /* View */ = {
			isa = PBXGroup;
			children = (
				7D0209701F41AE2A002D56F5 /* DescriptionView.h */,
				7D0209711F41AE2A002D56F5 /* DescriptionView.m */,
				7D0209721F41AE2A002D56F5 /* DescriptionViewController.h */,
				7D0209731F41AE2A002D56F5 /* DescriptionViewController.m */,
			);
			path = View;
			sourceTree = "<group>";
		};
		7D0209741F41AE2A002D56F5 /* Gallery */ = {
			isa = PBXGroup;
			children = (
				7D0209751F41AE2A002D56F5 /* Controller */,
				7D0209781F41AE2A002D56F5 /* Interface */,
				7D02097A1F41AE2A002D56F5 /* Model */,
				7D02097D1F41AE2A002D56F5 /* View */,
			);
			path = Gallery;
			sourceTree = "<group>";
		};
		7D0209751F41AE2A002D56F5 /* Controller */ = {
			isa = PBXGroup;
			children = (
				7D0209761F41AE2A002D56F5 /* GalleryController.h */,
				7D0209771F41AE2A002D56F5 /* GalleryController.m */,
			);
			path = Controller;
			sourceTree = "<group>";
		};
		7D0209781F41AE2A002D56F5 /* Interface */ = {
			isa = PBXGroup;
			children = (
				7D0209791F41AE2A002D56F5 /* GalleryProtocols.h */,
			);
			path = Interface;
			sourceTree = "<group>";
		};
		7D02097A1F41AE2A002D56F5 /* Model */ = {
			isa = PBXGroup;
			children = (
				7D02097B1F41AE2A002D56F5 /* GalleryModel.h */,
				7D02097C1F41AE2A002D56F5 /* GalleryModel.m */,
			);
			path = Model;
			sourceTree = "<group>";
		};
		7D02097D1F41AE2A002D56F5 /* View */ = {
			isa = PBXGroup;
			children = (
				7D02097E1F41AE2A002D56F5 /* CelestialBodyImageCell */,
				7D0209811F41AE2A002D56F5 /* CustomFlowLayout */,
				7D0209841F41AE2A002D56F5 /* GalleryView.h */,
				7D0209851F41AE2A002D56F5 /* GalleryView.m */,
				7D0209861F41AE2A002D56F5 /* GalleryViewController.h */,
				7D0209871F41AE2A002D56F5 /* GalleryViewController.m */,
			);
			path = View;
			sourceTree = "<group>";
		};
		7D02097E1F41AE2A002D56F5 /* CelestialBodyImageCell */ = {
			isa = PBXGroup;
			children = (
				7D02097F1F41AE2A002D56F5 /* CelestialBodyImageCell.h */,
				7D0209801F41AE2A002D56F5 /* CelestialBodyImageCell.m */,
			);
			path = CelestialBodyImageCell;
			sourceTree = "<group>";
		};
		7D0209811F41AE2A002D56F5 /* CustomFlowLayout */ = {
			isa = PBXGroup;
			children = (
				7D0209821F41AE2A002D56F5 /* CustomFlowLayout.h */,
				7D0209831F41AE2A002D56F5 /* CustomFlowLayout.m */,
			);
			path = CustomFlowLayout;
			sourceTree = "<group>";
		};
		7D0209881F41AE2A002D56F5 /* Map */ = {
			isa = PBXGroup;
			children = (
				7D0209891F41AE2A002D56F5 /* Controller */,
				7D02098C1F41AE2A002D56F5 /* Interface */,
				7D02098E1F41AE2A002D56F5 /* Model */,
				7D0209911F41AE2A002D56F5 /* View */,
			);
			path = Map;
			sourceTree = "<group>";
		};
		7D0209891F41AE2A002D56F5 /* Controller */ = {
			isa = PBXGroup;
			children = (
				7D02098A1F41AE2A002D56F5 /* MapController.h */,
				7D02098B1F41AE2A002D56F5 /* MapController.m */,
			);
			path = Controller;
			sourceTree = "<group>";
		};
		7D02098C1F41AE2A002D56F5 /* Interface */ = {
			isa = PBXGroup;
			children = (
				7D02098D1F41AE2A002D56F5 /* MapProtocols.h */,
			);
			path = Interface;
			sourceTree = "<group>";
		};
		7D02098E1F41AE2A002D56F5 /* Model */ = {
			isa = PBXGroup;
			children = (
				7D02098F1F41AE2A002D56F5 /* MapModel.h */,
				7D0209901F41AE2A002D56F5 /* MapModel.m */,
			);
			path = Model;
			sourceTree = "<group>";
		};
		7D0209911F41AE2A002D56F5 /* View */ = {
			isa = PBXGroup;
			children = (
				7D0209921F41AE2A002D56F5 /* MapView.h */,
				7D0209931F41AE2A002D56F5 /* MapView.m */,
				7D0209941F41AE2A002D56F5 /* MapViewController.h */,
				7D0209951F41AE2A002D56F5 /* MapViewController.m */,
				7D0209961F41AE2A002D56F5 /* PopupView */,
			);
			path = View;
			sourceTree = "<group>";
		};
		7D0209961F41AE2A002D56F5 /* PopupView */ = {
			isa = PBXGroup;
			children = (
				7D0209971F41AE2A002D56F5 /* PopupView.h */,
				7D0209981F41AE2A002D56F5 /* PopupView.m */,
			);
			path = PopupView;
			sourceTree = "<group>";
		};
		7D0209991F41AE2A002D56F5 /* Viewer */ = {
			isa = PBXGroup;
			children = (
				7D02099A1F41AE2A002D56F5 /* Controller */,
				7D02099D1F41AE2A002D56F5 /* Interface */,
				7D02099F1F41AE2A002D56F5 /* Model */,
				7D0209A21F41AE2A002D56F5 /* View */,
			);
			path = Viewer;
			sourceTree = "<group>";
		};
		7D02099A1F41AE2A002D56F5 /* Controller */ = {
			isa = PBXGroup;
			children = (
				7D02099B1F41AE2A002D56F5 /* ViewerController.h */,
				7D02099C1F41AE2A002D56F5 /* ViewerController.m */,
			);
			path = Controller;
			sourceTree = "<group>";
		};
		7D02099D1F41AE2A002D56F5 /* Interface */ = {
			isa = PBXGroup;
			children = (
				7D02099E1F41AE2A002D56F5 /* ViewerProtocols.h */,
			);
			path = Interface;
			sourceTree = "<group>";
		};
		7D02099F1F41AE2A002D56F5 /* Model */ = {
			isa = PBXGroup;
			children = (
				7D0209A01F41AE2A002D56F5 /* ViewerModel.h */,
				7D0209A11F41AE2A002D56F5 /* ViewerModel.m */,
			);
			path = Model;
			sourceTree = "<group>";
		};
		7D0209A21F41AE2A002D56F5 /* View */ = {
			isa = PBXGroup;
			children = (
				7D0209A31F41AE2A002D56F5 /* CropView */,
				7D0209A61F41AE2A002D56F5 /* Filters */,
				7D0209A91F41AE2A002D56F5 /* ViewerView.h */,
				7D0209AA1F41AE2A002D56F5 /* ViewerView.m */,
				7D0209AB1F41AE2A002D56F5 /* ViewerViewController.h */,
				7D0209AC1F41AE2A002D56F5 /* ViewerViewController.m */,
			);
			path = View;
			sourceTree = "<group>";
		};
		7D0209A31F41AE2A002D56F5 /* CropView */ = {
			isa = PBXGroup;
			children = (
				7D0209A41F41AE2A002D56F5 /* CropView.h */,
				7D0209A51F41AE2A002D56F5 /* CropView.m */,
			);
			path = CropView;
			sourceTree = "<group>";
		};
		7D0209A61F41AE2A002D56F5 /* Filters */ = {
			isa = PBXGroup;
			children = (
				7D0209A71F41AE2A002D56F5 /* UIImage+Filtering.h */,
				7D0209A81F41AE2A002D56F5 /* UIImage+Filtering.m */,
			);
			path = Filters;
			sourceTree = "<group>";
		};
		7D0209AD1F41AE2A002D56F5 /* InitialSequence */ = {
			isa = PBXGroup;
			children = (
				7D0209B01F41AE2A002D56F5 /* Splash */,
			);
			path = InitialSequence;
			sourceTree = "<group>";
		};
		7D0209B01F41AE2A002D56F5 /* Splash */ = {
			isa = PBXGroup;
			children = (
				7D0209B11F41AE2A002D56F5 /* Controller */,
				7D0209B41F41AE2A002D56F5 /* Model */,
				7D0209B71F41AE2A002D56F5 /* SplashProtocols.h */,
				7D0209B81F41AE2A002D56F5 /* UIImage+animatedGIF.h */,
				7D0209B91F41AE2A002D56F5 /* UIImage+animatedGIF.m */,
				7D0209BA1F41AE2A002D56F5 /* View */,
			);
			path = Splash;
			sourceTree = "<group>";
		};
		7D0209B11F41AE2A002D56F5 /* Controller */ = {
			isa = PBXGroup;
			children = (
				7D0209B21F41AE2A002D56F5 /* SplashController.h */,
				7D0209B31F41AE2A002D56F5 /* SplashController.m */,
			);
			path = Controller;
			sourceTree = "<group>";
		};
		7D0209B41F41AE2A002D56F5 /* Model */ = {
			isa = PBXGroup;
			children = (
				7D0209B51F41AE2A002D56F5 /* SplashModel.h */,
				7D0209B61F41AE2A002D56F5 /* SplashModel.m */,
			);
			path = Model;
			sourceTree = "<group>";
		};
		7D0209BA1F41AE2A002D56F5 /* View */ = {
			isa = PBXGroup;
			children = (
				7D0209BB1F41AE2A002D56F5 /* SplashView.h */,
				7D0209BC1F41AE2A002D56F5 /* SplashView.m */,
				7D0209BD1F41AE2A002D56F5 /* SplashViewController.h */,
				7D0209BE1F41AE2A002D56F5 /* SplashViewController.m */,
			);
			path = View;
			sourceTree = "<group>";
		};
		7D0209BF1F41AE2A002D56F5 /* Shared */ = {
			isa = PBXGroup;
			children = (
				7D020A361F41D848002D56F5 /* Routing */,
				7D0209C01F41AE2A002D56F5 /* Entities */,
				7D0209C61F41AE2A002D56F5 /* Managers */,
				7D0209CA1F41AE2A002D56F5 /* Sharing */,
			);
			path = Shared;
			sourceTree = "<group>";
		};
		7D0209C01F41AE2A002D56F5 /* Entities */ = {
			isa = PBXGroup;
			children = (
				7D0209C11F41AE2A002D56F5 /* SpaceObjectEntity */,
			);
			path = Entities;
			sourceTree = "<group>";
		};
		7D0209C11F41AE2A002D56F5 /* SpaceObjectEntity */ = {
			isa = PBXGroup;
			children = (
				7D0209C21F41AE2A002D56F5 /* CelestialBodyEntity.h */,
				7D0209C31F41AE2A002D56F5 /* CelestialBodyEntity.m */,
				7D0209C41F41AE2A002D56F5 /* ManagedCelesctialBodyEntity.h */,
				7D0209C51F41AE2A002D56F5 /* ManagedCelesctialBodyEntity.m */,
			);
			path = SpaceObjectEntity;
			sourceTree = "<group>";
		};
		7D0209C61F41AE2A002D56F5 /* Managers */ = {
			isa = PBXGroup;
			children = (
				7D0209C71F41AE2A002D56F5 /* DataManager */,
			);
			path = Managers;
			sourceTree = "<group>";
		};
		7D0209C71F41AE2A002D56F5 /* DataManager */ = {
			isa = PBXGroup;
			children = (
				7D0209C81F41AE2A002D56F5 /* DataStorageManager.h */,
				7D0209C91F41AE2A002D56F5 /* DataStorageManager.m */,
			);
			path = DataManager;
			sourceTree = "<group>";
		};
		7D0209CA1F41AE2A002D56F5 /* Sharing */ = {
			isa = PBXGroup;
			children = (
				7D0209CB1F41AE2A002D56F5 /* Controller */,
				7D0209CE1F41AE2A002D56F5 /* Interface */,
				7D0209D01F41AE2A002D56F5 /* Model */,
				7D0209D31F41AE2A002D56F5 /* View */,
			);
			path = Sharing;
			sourceTree = "<group>";
		};
		7D0209CB1F41AE2A002D56F5 /* Controller */ = {
			isa = PBXGroup;
			children = (
				7D0209CC1F41AE2A002D56F5 /* SharingController.h */,
				7D0209CD1F41AE2A002D56F5 /* SharingController.m */,
			);
			path = Controller;
			sourceTree = "<group>";
		};
		7D0209CE1F41AE2A002D56F5 /* Interface */ = {
			isa = PBXGroup;
			children = (
				7D0209CF1F41AE2A002D56F5 /* SharingProtocols.h */,
			);
			path = Interface;
			sourceTree = "<group>";
		};
		7D0209D01F41AE2A002D56F5 /* Model */ = {
			isa = PBXGroup;
			children = (
				7D0209D11F41AE2A002D56F5 /* SharingModel.h */,
				7D0209D21F41AE2A002D56F5 /* SharingModel.m */,
			);
			path = Model;
			sourceTree = "<group>";
		};
		7D0209D31F41AE2A002D56F5 /* View */ = {
			isa = PBXGroup;
			children = (
				7D0209D41F41AE2A002D56F5 /* SharingView.h */,
				7D0209D51F41AE2A002D56F5 /* SharingView.m */,
				7D0209D61F41AE2A002D56F5 /* SharingViewController.h */,
				7D0209D71F41AE2A002D56F5 /* SharingViewController.m */,
			);
			path = View;
			sourceTree = "<group>";
		};
		7D0209D81F41AE2A002D56F5 /* SideMenu */ = {
			isa = PBXGroup;
			children = (
				7D0209D91F41AE2A002D56F5 /* Controller */,
				7D0209DC1F41AE2A002D56F5 /* Interface */,
				7D0209DE1F41AE2A002D56F5 /* Model */,
				7D0209E11F41AE2A002D56F5 /* View */,
			);
			path = SideMenu;
			sourceTree = "<group>";
		};
		7D0209D91F41AE2A002D56F5 /* Controller */ = {
			isa = PBXGroup;
			children = (
				7D0209DA1F41AE2A002D56F5 /* SideMenuController.h */,
				7D0209DB1F41AE2A002D56F5 /* SideMenuController.m */,
			);
			path = Controller;
			sourceTree = "<group>";
		};
		7D0209DC1F41AE2A002D56F5 /* Interface */ = {
			isa = PBXGroup;
			children = (
				7D0209DD1F41AE2A002D56F5 /* SideMenuProtocols.h */,
			);
			path = Interface;
			sourceTree = "<group>";
		};
		7D0209DE1F41AE2A002D56F5 /* Model */ = {
			isa = PBXGroup;
			children = (
				7D0209DF1F41AE2A002D56F5 /* SideMenuModel.h */,
				7D0209E01F41AE2A002D56F5 /* SideMenuModel.m */,
			);
			path = Model;
			sourceTree = "<group>";
		};
		7D0209E11F41AE2A002D56F5 /* View */ = {
			isa = PBXGroup;
			children = (
				7D0209E21F41AE2A002D56F5 /* SideMenuView.h */,
				7D0209E31F41AE2A002D56F5 /* SideMenuView.m */,
				7D0209E41F41AE2A002D56F5 /* SideMenuViewController.h */,
				7D0209E51F41AE2A002D56F5 /* SideMenuViewController.m */,
			);
			path = View;
			sourceTree = "<group>";
		};
		7D020A291F41CFB7002D56F5 /* AladinMap */ = {
			isa = PBXGroup;
			children = (
				7D020A2A1F41CFB7002D56F5 /* aladin.js */,
				7D020A2B1F41CFB7002D56F5 /* AladinMap.html */,
				7D020A2C1F41CFB7002D56F5 /* jquery-1.10.1.min.js */,
			);
			name = AladinMap;
			path = Resources/AladinMap;
			sourceTree = SOURCE_ROOT;
		};
		7D020A361F41D848002D56F5 /* Routing */ = {
			isa = PBXGroup;
			children = (
				7D0209AE1F41AE2A002D56F5 /* RootNavigationController.h */,
				7D0209AF1F41AE2A002D56F5 /* RootNavigationController.m */,
				7D0209D81F41AE2A002D56F5 /* SideMenu */,
			);
			path = Routing;
			sourceTree = "<group>";
		};
		7D290CB51F41A5B700C20ABA /* Application */ = {
			isa = PBXGroup;
			children = (
				7D290CB61F41A5B700C20ABA /* AppDelegate.h */,
				7D290CB71F41A5B700C20ABA /* AppDelegate.m */,
				7D290CB81F41A5B700C20ABA /* Info.plist */,
				7D290CB91F41A5B700C20ABA /* main.m */,
			);
			name = Application;
			path = briznichenkoProject/Application;
			sourceTree = "<group>";
		};
		7D290CBA1F41A5C600C20ABA /* Frameworks */ = {
			isa = PBXGroup;
			children = (
				7D02093D1F41AC3D002D56F5 /* FacebookSDK */,
				7D0209421F41AC3D002D56F5 /* TwitterSDK */,
			);
			name = Frameworks;
			path = briznichenkoProject/Frameworks;
			sourceTree = "<group>";
		};
		7DD156031F42E8F600C370D6 /* Resources */ = {
			isa = PBXGroup;
			children = (
				7D020A291F41CFB7002D56F5 /* AladinMap */,
				7D020A281F41CFB7002D56F5 /* Assets.xcassets */,
				7D020A271F41CFB7002D56F5 /* giphy.gif */,
			);
			path = Resources;
			sourceTree = "<group>";
		};
		7DFF4A1F1F1CCAB600E5A602 = {
			isa = PBXGroup;
			children = (
				7D290CB51F41A5B700C20ABA /* Application */,
				7D0209541F41AE2A002D56F5 /* Classes */,
				7D290CBA1F41A5C600C20ABA /* Frameworks */,
				7DFF4A291F1CCAB600E5A602 /* Products */,
				7DD156031F42E8F600C370D6 /* Resources */,
			);
			sourceTree = "<group>";
		};
		7DFF4A291F1CCAB600E5A602 /* Products */ = {
			isa = PBXGroup;
			children = (
				7DFF4A281F1CCAB600E5A602 /* briznichenkoProject.app */,
			);
			name = Products;
			sourceTree = "<group>";
		};
/* End PBXGroup section */

/* Begin PBXNativeTarget section */
		7DFF4A271F1CCAB600E5A602 /* briznichenkoProject */ = {
			isa = PBXNativeTarget;
			buildConfigurationList = 7DFF4A421F1CCAB700E5A602 /* Build configuration list for PBXNativeTarget "briznichenkoProject" */;
			buildPhases = (
				7DFF4A241F1CCAB600E5A602 /* Sources */,
				7DFF4A251F1CCAB600E5A602 /* Frameworks */,
				7DFF4A261F1CCAB600E5A602 /* Resources */,
				7D0209511F41AC4D002D56F5 /* Embed Frameworks */,
			);
			buildRules = (
			);
			dependencies = (
			);
			name = briznichenkoProject;
			productName = briznichenkoProject;
			productReference = 7DFF4A281F1CCAB600E5A602 /* briznichenkoProject.app */;
			productType = "com.apple.product-type.application";
		};
/* End PBXNativeTarget section */

/* Begin PBXProject section */
		7DFF4A201F1CCAB600E5A602 /* Project object */ = {
			isa = PBXProject;
			attributes = {
				LastUpgradeCheck = 0830;
				ORGANIZATIONNAME = CHI;
				TargetAttributes = {
					7DFF4A271F1CCAB600E5A602 = {
						CreatedOnToolsVersion = 8.3.3;
						DevelopmentTeam = TBBZBB993Z;
						ProvisioningStyle = Automatic;
					};
				};
			};
			buildConfigurationList = 7DFF4A231F1CCAB600E5A602 /* Build configuration list for PBXProject "briznichenkoProject" */;
			compatibilityVersion = "Xcode 3.2";
			developmentRegion = English;
			hasScannedForEncodings = 0;
			knownRegions = (
				en,
				Base,
			);
			mainGroup = 7DFF4A1F1F1CCAB600E5A602;
			productRefGroup = 7DFF4A291F1CCAB600E5A602 /* Products */;
			projectDirPath = "";
			projectRoot = "";
			targets = (
				7DFF4A271F1CCAB600E5A602 /* briznichenkoProject */,
			);
		};
/* End PBXProject section */

/* Begin PBXResourcesBuildPhase section */
		7DFF4A261F1CCAB600E5A602 /* Resources */ = {
			isa = PBXResourcesBuildPhase;
			buildActionMask = 2147483647;
			files = (
				7D020A3F1F420459002D56F5 /* TwitterKitResources.bundle in Resources */,
				7D020A2D1F41CFEE002D56F5 /* aladin.js in Resources */,
				7D020A2E1F41CFEE002D56F5 /* AladinMap.html in Resources */,
				7D020A2F1F41CFEE002D56F5 /* jquery-1.10.1.min.js in Resources */,
				7D020A301F41CFEE002D56F5 /* Assets.xcassets in Resources */,
				7D020A311F41CFEE002D56F5 /* giphy.gif in Resources */,
			);
			runOnlyForDeploymentPostprocessing = 0;
		};
/* End PBXResourcesBuildPhase section */

/* Begin PBXSourcesBuildPhase section */
		7DFF4A241F1CCAB600E5A602 /* Sources */ = {
			isa = PBXSourcesBuildPhase;
			buildActionMask = 2147483647;
			files = (
				7D0209E61F41AE64002D56F5 /* EarthScreenController.m in Sources */,
				7D0209E71F41AE64002D56F5 /* EarthScreenModel.m in Sources */,
				7D0209E81F41AE64002D56F5 /* EarthScreenView.m in Sources */,
				7D0209E91F41AE64002D56F5 /* EarthScreenViewController.m in Sources */,
				7D0209EA1F41AE64002D56F5 /* DescriptionController.m in Sources */,
				7D0209EB1F41AE64002D56F5 /* DescriptionModel.m in Sources */,
				7D0209EC1F41AE64002D56F5 /* DescriptionView.m in Sources */,
				7D0209ED1F41AE64002D56F5 /* DescriptionViewController.m in Sources */,
				7D0209EE1F41AE64002D56F5 /* GalleryController.m in Sources */,
				7D0209EF1F41AE64002D56F5 /* GalleryModel.m in Sources */,
				7D0209F01F41AE64002D56F5 /* CelestialBodyImageCell.m in Sources */,
				7D0209F11F41AE64002D56F5 /* CustomFlowLayout.m in Sources */,
				7D0209F21F41AE64002D56F5 /* GalleryView.m in Sources */,
				7D0209F31F41AE64002D56F5 /* GalleryViewController.m in Sources */,
				7D0209F41F41AE64002D56F5 /* MapController.m in Sources */,
				7D0209F51F41AE64002D56F5 /* MapModel.m in Sources */,
				7D0209F61F41AE64002D56F5 /* MapView.m in Sources */,
				7D0209F71F41AE64002D56F5 /* MapViewController.m in Sources */,
				7D0209F81F41AE64002D56F5 /* PopupView.m in Sources */,
				7D0209F91F41AE64002D56F5 /* ViewerController.m in Sources */,
				7D0209FA1F41AE64002D56F5 /* ViewerModel.m in Sources */,
				7D0209FB1F41AE64002D56F5 /* CropView.m in Sources */,
				7D0209FC1F41AE64002D56F5 /* UIImage+Filtering.m in Sources */,
				7D0209FD1F41AE64002D56F5 /* ViewerView.m in Sources */,
				7D0209FE1F41AE64002D56F5 /* ViewerViewController.m in Sources */,
				7D0209FF1F41AE64002D56F5 /* RootNavigationController.m in Sources */,
				7D020A001F41AE64002D56F5 /* SplashController.m in Sources */,
				7D020A011F41AE64002D56F5 /* SplashModel.m in Sources */,
				7D020A021F41AE64002D56F5 /* UIImage+animatedGIF.m in Sources */,
				7D020A031F41AE64002D56F5 /* SplashView.m in Sources */,
				7D020A041F41AE64002D56F5 /* SplashViewController.m in Sources */,
				7D020A051F41AE64002D56F5 /* CelestialBodyEntity.m in Sources */,
				7D020A061F41AE64002D56F5 /* ManagedCelesctialBodyEntity.m in Sources */,
				7D020A071F41AE64002D56F5 /* DataStorageManager.m in Sources */,
				7D020A081F41AE64002D56F5 /* SharingController.m in Sources */,
				7D020A091F41AE64002D56F5 /* SharingModel.m in Sources */,
				7D020A0A1F41AE64002D56F5 /* SharingView.m in Sources */,
				7D020A0B1F41AE64002D56F5 /* SharingViewController.m in Sources */,
				7D020A0C1F41AE64002D56F5 /* SideMenuController.m in Sources */,
				7D020A0D1F41AE64002D56F5 /* SideMenuModel.m in Sources */,
				7D020A0E1F41AE64002D56F5 /* SideMenuView.m in Sources */,
				7D020A0F1F41AE64002D56F5 /* SideMenuViewController.m in Sources */,
				7D0209521F41AD2D002D56F5 /* AppDelegate.m in Sources */,
				7D0209531F41AD2D002D56F5 /* main.m in Sources */,
			);
			runOnlyForDeploymentPostprocessing = 0;
		};
/* End PBXSourcesBuildPhase section */

/* Begin XCBuildConfiguration section */
		7DFF4A401F1CCAB700E5A602 /* Debug */ = {
			isa = XCBuildConfiguration;
			buildSettings = {
				ALWAYS_SEARCH_USER_PATHS = NO;
				CLANG_ANALYZER_NONNULL = YES;
				CLANG_ANALYZER_NUMBER_OBJECT_CONVERSION = YES_AGGRESSIVE;
				CLANG_CXX_LANGUAGE_STANDARD = "gnu++0x";
				CLANG_CXX_LIBRARY = "libc++";
				CLANG_ENABLE_MODULES = YES;
				CLANG_ENABLE_OBJC_ARC = YES;
				CLANG_WARN_BOOL_CONVERSION = YES;
				CLANG_WARN_CONSTANT_CONVERSION = YES;
				CLANG_WARN_DIRECT_OBJC_ISA_USAGE = YES_ERROR;
				CLANG_WARN_DOCUMENTATION_COMMENTS = YES;
				CLANG_WARN_EMPTY_BODY = YES;
				CLANG_WARN_ENUM_CONVERSION = YES;
				CLANG_WARN_INFINITE_RECURSION = YES;
				CLANG_WARN_INT_CONVERSION = YES;
				CLANG_WARN_OBJC_ROOT_CLASS = YES_ERROR;
				CLANG_WARN_SUSPICIOUS_MOVE = YES;
				CLANG_WARN_UNREACHABLE_CODE = YES;
				CLANG_WARN__DUPLICATE_METHOD_MATCH = YES;
				"CODE_SIGN_IDENTITY[sdk=iphoneos*]" = "iPhone Developer";
				COPY_PHASE_STRIP = NO;
				DEBUG_INFORMATION_FORMAT = dwarf;
				ENABLE_STRICT_OBJC_MSGSEND = YES;
				ENABLE_TESTABILITY = YES;
				GCC_C_LANGUAGE_STANDARD = gnu99;
				GCC_DYNAMIC_NO_PIC = NO;
				GCC_NO_COMMON_BLOCKS = YES;
				GCC_OPTIMIZATION_LEVEL = 0;
				GCC_PREPROCESSOR_DEFINITIONS = (
					"DEBUG=1",
					"$(inherited)",
				);
				GCC_WARN_64_TO_32_BIT_CONVERSION = YES;
				GCC_WARN_ABOUT_RETURN_TYPE = YES_ERROR;
				GCC_WARN_UNDECLARED_SELECTOR = YES;
				GCC_WARN_UNINITIALIZED_AUTOS = YES_AGGRESSIVE;
				GCC_WARN_UNUSED_FUNCTION = YES;
				GCC_WARN_UNUSED_VARIABLE = YES;
				IPHONEOS_DEPLOYMENT_TARGET = 10.3;
				MTL_ENABLE_DEBUG_INFO = YES;
				ONLY_ACTIVE_ARCH = YES;
				SDKROOT = iphoneos;
				TARGETED_DEVICE_FAMILY = "1,2";
			};
			name = Debug;
		};
		7DFF4A411F1CCAB700E5A602 /* Release */ = {
			isa = XCBuildConfiguration;
			buildSettings = {
				ALWAYS_SEARCH_USER_PATHS = NO;
				CLANG_ANALYZER_NONNULL = YES;
				CLANG_ANALYZER_NUMBER_OBJECT_CONVERSION = YES_AGGRESSIVE;
				CLANG_CXX_LANGUAGE_STANDARD = "gnu++0x";
				CLANG_CXX_LIBRARY = "libc++";
				CLANG_ENABLE_MODULES = YES;
				CLANG_ENABLE_OBJC_ARC = YES;
				CLANG_WARN_BOOL_CONVERSION = YES;
				CLANG_WARN_CONSTANT_CONVERSION = YES;
				CLANG_WARN_DIRECT_OBJC_ISA_USAGE = YES_ERROR;
				CLANG_WARN_DOCUMENTATION_COMMENTS = YES;
				CLANG_WARN_EMPTY_BODY = YES;
				CLANG_WARN_ENUM_CONVERSION = YES;
				CLANG_WARN_INFINITE_RECURSION = YES;
				CLANG_WARN_INT_CONVERSION = YES;
				CLANG_WARN_OBJC_ROOT_CLASS = YES_ERROR;
				CLANG_WARN_SUSPICIOUS_MOVE = YES;
				CLANG_WARN_UNREACHABLE_CODE = YES;
				CLANG_WARN__DUPLICATE_METHOD_MATCH = YES;
				"CODE_SIGN_IDENTITY[sdk=iphoneos*]" = "iPhone Developer";
				COPY_PHASE_STRIP = NO;
				DEBUG_INFORMATION_FORMAT = "dwarf-with-dsym";
				ENABLE_NS_ASSERTIONS = NO;
				ENABLE_STRICT_OBJC_MSGSEND = YES;
				GCC_C_LANGUAGE_STANDARD = gnu99;
				GCC_NO_COMMON_BLOCKS = YES;
				GCC_WARN_64_TO_32_BIT_CONVERSION = YES;
				GCC_WARN_ABOUT_RETURN_TYPE = YES_ERROR;
				GCC_WARN_UNDECLARED_SELECTOR = YES;
				GCC_WARN_UNINITIALIZED_AUTOS = YES_AGGRESSIVE;
				GCC_WARN_UNUSED_FUNCTION = YES;
				GCC_WARN_UNUSED_VARIABLE = YES;
				IPHONEOS_DEPLOYMENT_TARGET = 10.3;
				MTL_ENABLE_DEBUG_INFO = NO;
				SDKROOT = iphoneos;
				TARGETED_DEVICE_FAMILY = "1,2";
				VALIDATE_PRODUCT = YES;
			};
			name = Release;
		};
		7DFF4A431F1CCAB700E5A602 /* Debug */ = {
			isa = XCBuildConfiguration;
			buildSettings = {
				ASSETCATALOG_COMPILER_APPICON_NAME = AppIcon;
				"CODE_SIGN_IDENTITY[sdk=iphoneos*]" = "iPhone Developer";
				CODE_SIGN_STYLE = Automatic;
				DEVELOPMENT_TEAM = TBBZBB993Z;
				FRAMEWORK_SEARCH_PATHS = (
					"$(inherited)",
					"~/Documents/SDKs",
					"$(PROJECT_DIR)/briznichenkoProject",
					"$(PROJECT_DIR)/briznichenkoProject/Frameworks/FacebookSDK",
					"$(PROJECT_DIR)/briznichenkoProject/Frameworks/TwitterSDK",
				);
				"FRAMEWORK_SEARCH_PATHS[arch=*]" = (
					"$(inherited)",
					"~/Documents/SDKs",
					"$(PROJECT_DIR)/briznichenkoProject",
				);
				INFOPLIST_FILE = "$(SRCROOT)/briznichenkoProject/Application/Info.plist";
				LD_RUNPATH_SEARCH_PATHS = "$(inherited) @executable_path/Frameworks";
				PRODUCT_BUNDLE_IDENTIFIER = com.chi.briznichenko.briznichenkoProject;
				PRODUCT_NAME = "$(TARGET_NAME)";
				PROVISIONING_PROFILE_SPECIFIER = "";
			};
			name = Debug;
		};
		7DFF4A441F1CCAB700E5A602 /* Release */ = {
			isa = XCBuildConfiguration;
			buildSettings = {
				ASSETCATALOG_COMPILER_APPICON_NAME = AppIcon;
				"CODE_SIGN_IDENTITY[sdk=iphoneos*]" = "iPhone Developer";
				CODE_SIGN_STYLE = Automatic;
				DEVELOPMENT_TEAM = TBBZBB993Z;
				FRAMEWORK_SEARCH_PATHS = (
					"$(inherited)",
					"~/Documents/SDKs",
					"$(PROJECT_DIR)/briznichenkoProject",
					"$(PROJECT_DIR)/briznichenkoProject/Frameworks/FacebookSDK",
					"$(PROJECT_DIR)/briznichenkoProject/Frameworks/TwitterSDK",
				);
				INFOPLIST_FILE = "$(SRCROOT)/briznichenkoProject/Application/Info.plist";
				LD_RUNPATH_SEARCH_PATHS = "$(inherited) @executable_path/Frameworks";
				PRODUCT_BUNDLE_IDENTIFIER = com.chi.briznichenko.briznichenkoProject;
				PRODUCT_NAME = "$(TARGET_NAME)";
				PROVISIONING_PROFILE_SPECIFIER = "";
			};
			name = Release;
		};
/* End XCBuildConfiguration section */

/* Begin XCConfigurationList section */
		7DFF4A231F1CCAB600E5A602 /* Build configuration list for PBXProject "briznichenkoProject" */ = {
			isa = XCConfigurationList;
			buildConfigurations = (
				7DFF4A401F1CCAB700E5A602 /* Debug */,
				7DFF4A411F1CCAB700E5A602 /* Release */,
			);
			defaultConfigurationIsVisible = 0;
			defaultConfigurationName = Release;
		};
		7DFF4A421F1CCAB700E5A602 /* Build configuration list for PBXNativeTarget "briznichenkoProject" */ = {
			isa = XCConfigurationList;
			buildConfigurations = (
				7DFF4A431F1CCAB700E5A602 /* Debug */,
				7DFF4A441F1CCAB700E5A602 /* Release */,
			);
			defaultConfigurationIsVisible = 0;
			defaultConfigurationName = Release;
		};
/* End XCConfigurationList section */
	};
	rootObject = 7DFF4A201F1CCAB600E5A602 /* Project object */;
}
