// !$*UTF8*$!
{
	archiveVersion = 1;
	classes = {
	};
	objectVersion = 46;
	objects = {

/* Begin PBXBuildFile section */
		0901306A67F466751CCC1B45 /* ViewerModel.m in Sources */ = {isa = PBXBuildFile; fileRef = AF049F1F361EA682F2C04495 /* ViewerModel.m */; };
		21D839BC5ABE824CB82EA68B /* GalleryController.m in Sources */ = {isa = PBXBuildFile; fileRef = A7424BC5761E1EED5EA8BA69 /* GalleryController.m */; };
		232464A409C2FD670994FD16 /* EarthScreenViewController.m in Sources */ = {isa = PBXBuildFile; fileRef = 71CE12BB11EBCD610B17150E /* EarthScreenViewController.m */; };
		2F18493DADA81D0000BBD546 /* DescriptionModel.m in Sources */ = {isa = PBXBuildFile; fileRef = A31FBDF9964D745A5ED3FF7B /* DescriptionModel.m */; };
		2FFF1EA6599AD58C1EF85D04 /* SharingView.m in Sources */ = {isa = PBXBuildFile; fileRef = 02B2302C3B5DAEE5C01170FA /* SharingView.m */; };
		43430E399E6BF45AE7F5A3B2 /* SideMenuModel.m in Sources */ = {isa = PBXBuildFile; fileRef = 986C4775EA43E46C6F607D47 /* SideMenuModel.m */; };
		446790C28CB108671B117877 /* SplashController.m in Sources */ = {isa = PBXBuildFile; fileRef = 889DCF003E402B28088ED2C9 /* SplashController.m */; };
		462F473668F899DEF8BB9C89 /* GalleryViewController.m in Sources */ = {isa = PBXBuildFile; fileRef = 1DA829C734E945437B1C4CAE /* GalleryViewController.m */; };
		4A0A936BFA5CC4CAFB639843 /* MapView.m in Sources */ = {isa = PBXBuildFile; fileRef = 491AA717A4C9A117D95C415C /* MapView.m */; };
		5398CA681906669E1886394A /* DescriptionView.m in Sources */ = {isa = PBXBuildFile; fileRef = 9C523DD30E43D87AEE2F6B66 /* DescriptionView.m */; };
		5901308F8C95FB08D3267864 /* EarthScreenController.m in Sources */ = {isa = PBXBuildFile; fileRef = CF83C08F18F6AB8877B3971B /* EarthScreenController.m */; };
		617A20AA12F5EB8CB91A4769 /* EarthScreenView.m in Sources */ = {isa = PBXBuildFile; fileRef = DD4B3A46E2C8F97A83B90387 /* EarthScreenView.m */; };
		6B41F1AEAD2C662CC9C85962 /* MapController.m in Sources */ = {isa = PBXBuildFile; fileRef = B0A0BA7F3FEB6440ED2B24D6 /* MapController.m */; };
		712192C68226D93C6D7D2146 /* SideMenuViewController.m in Sources */ = {isa = PBXBuildFile; fileRef = D52B0A41D1A3155122302517 /* SideMenuViewController.m */; };
		74752222581ED58739D7D4B4 /* EarthScreenModel.m in Sources */ = {isa = PBXBuildFile; fileRef = 99FEE64B7D8B0BE6B89E043A /* EarthScreenModel.m */; };
		7C4D6CC3D1D1B94522A3F92C /* DescriptionViewController.m in Sources */ = {isa = PBXBuildFile; fileRef = 43D09360ECAFC28C5308F595 /* DescriptionViewController.m */; };
		7D19F3161F2F782A000202AA /* CelestialBodyImageCell.m in Sources */ = {isa = PBXBuildFile; fileRef = 7D19F3151F2F782A000202AA /* CelestialBodyImageCell.m */; };
		7D19F31A1F2F7C60000202AA /* CustomFlowLayout.m in Sources */ = {isa = PBXBuildFile; fileRef = 7D19F3191F2F7C60000202AA /* CustomFlowLayout.m */; };
		7DA6C8131F274AE300A5BB0F /* RootNavigationController.m in Sources */ = {isa = PBXBuildFile; fileRef = 7DA6C8121F274AE300A5BB0F /* RootNavigationController.m */; };
		7DA76F521F3B5D82002DF728 /* ShareManager.m in Sources */ = {isa = PBXBuildFile; fileRef = 7DA76F511F3B5D82002DF728 /* ShareManager.m */; };
		7DAAC2361F34A0FD00C3B68D /* UIImage+Filtering.m in Sources */ = {isa = PBXBuildFile; fileRef = 7DAAC2351F34A0FC00C3B68D /* UIImage+Filtering.m */; };
		7DC05E411F322A340090A29B /* CropView.m in Sources */ = {isa = PBXBuildFile; fileRef = 7DC05E401F322A330090A29B /* CropView.m */; };
		7DC0C4151F2A355A0080EEAE /* CelestialBodyEntity.m in Sources */ = {isa = PBXBuildFile; fileRef = 7DC0C4141F2A355A0080EEAE /* CelestialBodyEntity.m */; };
		7DC0C4191F2A44490080EEAE /* PopupView.m in Sources */ = {isa = PBXBuildFile; fileRef = 7DC0C4181F2A44490080EEAE /* PopupView.m */; };
		7DC68FD51F39D32F007F7DF0 /* ManagedCelesctialBodyEntity.m in Sources */ = {isa = PBXBuildFile; fileRef = 7DC68FD41F39D32F007F7DF0 /* ManagedCelesctialBodyEntity.m */; };
		7DDA22071F1E36AD004155F6 /* AladinMap in Resources */ = {isa = PBXBuildFile; fileRef = 7DDA22061F1E36AD004155F6 /* AladinMap */; };
		7DDC42471F3896FA00DA176D /* DataStorageManager.m in Sources */ = {isa = PBXBuildFile; fileRef = 7DDC42461F3896F900DA176D /* DataStorageManager.m */; };
		7DFF4A2D1F1CCAB600E5A602 /* main.m in Sources */ = {isa = PBXBuildFile; fileRef = 7DFF4A2C1F1CCAB600E5A602 /* main.m */; };
		7DFF4A301F1CCAB600E5A602 /* AppDelegate.m in Sources */ = {isa = PBXBuildFile; fileRef = 7DFF4A2F1F1CCAB600E5A602 /* AppDelegate.m */; };
		7DFF4A591F1D0C5F00E5A602 /* UIImage+animatedGIF.m in Sources */ = {isa = PBXBuildFile; fileRef = 7DFF4A581F1D0C5F00E5A602 /* UIImage+animatedGIF.m */; };
		7DFF4A5E1F1D1C4800E5A602 /* Assets.xcassets in Resources */ = {isa = PBXBuildFile; fileRef = 7DFF4A5D1F1D1C4800E5A602 /* Assets.xcassets */; };
		7DFF4A601F1D1C4F00E5A602 /* giphy.gif in Resources */ = {isa = PBXBuildFile; fileRef = 7DFF4A5F1F1D1C4F00E5A602 /* giphy.gif */; };
		82EB953C0B1C5E02732D3A76 /* ViewerController.m in Sources */ = {isa = PBXBuildFile; fileRef = 04DADCC50ED9B2E27F15F2F2 /* ViewerController.m */; };
		83160F7010C74BD0C6C68BDF /* SharingController.m in Sources */ = {isa = PBXBuildFile; fileRef = D4FAB093F1DE6E832083EE02 /* SharingController.m */; };
		874E0C3FC309BD8FCC1169D3 /* SplashModel.m in Sources */ = {isa = PBXBuildFile; fileRef = FBCA5ADCBD115C9AB49A436B /* SplashModel.m */; };
		919D596D82CAF831F166F153 /* ViewerView.m in Sources */ = {isa = PBXBuildFile; fileRef = 0EF2E0DBD9C25D40F9C639E0 /* ViewerView.m */; };
		9476C326EA9479D40064ECDD /* MapViewController.m in Sources */ = {isa = PBXBuildFile; fileRef = B0648693740D5E8DDF7FA40B /* MapViewController.m */; };
		94EFC8426024C0B7D1AF935F /* SharingViewController.m in Sources */ = {isa = PBXBuildFile; fileRef = D93138367BDD80C8D9798DAF /* SharingViewController.m */; };
		97C53397EB8211CEC2002ED9 /* SplashViewController.m in Sources */ = {isa = PBXBuildFile; fileRef = 44DB671209B5A8823AB7D9FD /* SplashViewController.m */; };
		9C3C22367C999D3D0C7DA47A /* MapModel.m in Sources */ = {isa = PBXBuildFile; fileRef = E6B62FDD043CBC37D89B9993 /* MapModel.m */; };
		AE6BB56F59EFA58A0891F53A /* GalleryView.m in Sources */ = {isa = PBXBuildFile; fileRef = F420EFB54B44A3D6C81DDDEC /* GalleryView.m */; };
		BEDA95780FB0D5E3287F982D /* SplashView.m in Sources */ = {isa = PBXBuildFile; fileRef = D01F2A148D03A889FDB5C396 /* SplashView.m */; };
		CA0ADD97B62778ACE9B081FC /* SideMenuController.m in Sources */ = {isa = PBXBuildFile; fileRef = F4C73FC46A91B41B5623DFCD /* SideMenuController.m */; };
		CC4ED70D7F29451E6D37F40B /* DescriptionController.m in Sources */ = {isa = PBXBuildFile; fileRef = 8E4D11EDFC9508140DFB2D82 /* DescriptionController.m */; };
		E263F3982514937F90FCA6D7 /* ViewerViewController.m in Sources */ = {isa = PBXBuildFile; fileRef = 5874DC857923EE5B3F43B0F4 /* ViewerViewController.m */; };
		E852017126830DDB10E02B40 /* SharingModel.m in Sources */ = {isa = PBXBuildFile; fileRef = DB96E562D3CCFEFB9351A2BD /* SharingModel.m */; };
		E94242F57C5EA3AC052D3734 /* SideMenuView.m in Sources */ = {isa = PBXBuildFile; fileRef = 8E512894172FE78D737A1E13 /* SideMenuView.m */; };
		F73FEE53F825CB1119207AC9 /* GalleryModel.m in Sources */ = {isa = PBXBuildFile; fileRef = 086FA570171CC76A6FE256A1 /* GalleryModel.m */; };
/* End PBXBuildFile section */

/* Begin PBXCopyFilesBuildPhase section */
		7DA76F611F3B70B5002DF728 /* Embed Frameworks */ = {
			isa = PBXCopyFilesBuildPhase;
			buildActionMask = 2147483647;
			dstPath = "";
			dstSubfolderSpec = 10;
			files = (
			);
			name = "Embed Frameworks";
			runOnlyForDeploymentPostprocessing = 0;
		};
/* End PBXCopyFilesBuildPhase section */

/* Begin PBXFileReference section */
		01D0BF4D57FC1930DA3252B8 /* SplashModel.h */ = {isa = PBXFileReference; includeInIndex = 1; lastKnownFileType = sourcecode.c.h; path = SplashModel.h; sourceTree = "<group>"; };
		021F30786813A6A51E7C39FC /* GalleryModel.h */ = {isa = PBXFileReference; includeInIndex = 1; lastKnownFileType = sourcecode.c.h; path = GalleryModel.h; sourceTree = "<group>"; };
		02B2302C3B5DAEE5C01170FA /* SharingView.m */ = {isa = PBXFileReference; includeInIndex = 1; lastKnownFileType = sourcecode.c.objc; path = SharingView.m; sourceTree = "<group>"; };
		04DADCC50ED9B2E27F15F2F2 /* ViewerController.m */ = {isa = PBXFileReference; includeInIndex = 1; lastKnownFileType = sourcecode.c.objc; path = ViewerController.m; sourceTree = "<group>"; };
		086FA570171CC76A6FE256A1 /* GalleryModel.m */ = {isa = PBXFileReference; includeInIndex = 1; lastKnownFileType = sourcecode.c.objc; path = GalleryModel.m; sourceTree = "<group>"; };
		0EF2E0DBD9C25D40F9C639E0 /* ViewerView.m */ = {isa = PBXFileReference; includeInIndex = 1; lastKnownFileType = sourcecode.c.objc; path = ViewerView.m; sourceTree = "<group>"; };
		16C03507C294075518384316 /* SideMenuView.h */ = {isa = PBXFileReference; includeInIndex = 1; lastKnownFileType = sourcecode.c.h; path = SideMenuView.h; sourceTree = "<group>"; };
		1DA829C734E945437B1C4CAE /* GalleryViewController.m */ = {isa = PBXFileReference; includeInIndex = 1; lastKnownFileType = sourcecode.c.objc; path = GalleryViewController.m; sourceTree = "<group>"; };
		22946662C5D00DF902335257 /* GalleryController.h */ = {isa = PBXFileReference; includeInIndex = 1; lastKnownFileType = sourcecode.c.h; path = GalleryController.h; sourceTree = "<group>"; };
		2578F86F5EA945037BF99FBC /* GalleryViewController.h */ = {isa = PBXFileReference; includeInIndex = 1; lastKnownFileType = sourcecode.c.h; path = GalleryViewController.h; sourceTree = "<group>"; };
		26D99E1C4BFE3DE39F03784A /* SideMenuController.h */ = {isa = PBXFileReference; includeInIndex = 1; lastKnownFileType = sourcecode.c.h; path = SideMenuController.h; sourceTree = "<group>"; };
		43D09360ECAFC28C5308F595 /* DescriptionViewController.m */ = {isa = PBXFileReference; includeInIndex = 1; lastKnownFileType = sourcecode.c.objc; path = DescriptionViewController.m; sourceTree = "<group>"; };
		44DB671209B5A8823AB7D9FD /* SplashViewController.m */ = {isa = PBXFileReference; includeInIndex = 1; lastKnownFileType = sourcecode.c.objc; path = SplashViewController.m; sourceTree = "<group>"; };
		46EB9E0F6C9186BB85783BBC /* SharingProtocols.h */ = {isa = PBXFileReference; includeInIndex = 1; lastKnownFileType = sourcecode.c.h; path = SharingProtocols.h; sourceTree = "<group>"; };
		4809F24BF3FD2E9E09D57A00 /* SplashViewController.h */ = {isa = PBXFileReference; includeInIndex = 1; lastKnownFileType = sourcecode.c.h; path = SplashViewController.h; sourceTree = "<group>"; };
		491AA717A4C9A117D95C415C /* MapView.m */ = {isa = PBXFileReference; includeInIndex = 1; lastKnownFileType = sourcecode.c.objc; path = MapView.m; sourceTree = "<group>"; };
		4982716B85A15D31DFB58FA5 /* ViewerModel.h */ = {isa = PBXFileReference; includeInIndex = 1; lastKnownFileType = sourcecode.c.h; path = ViewerModel.h; sourceTree = "<group>"; };
		49FE96308F002A063E097E8C /* SideMenuModel.h */ = {isa = PBXFileReference; includeInIndex = 1; lastKnownFileType = sourcecode.c.h; path = SideMenuModel.h; sourceTree = "<group>"; };
		4C2530C32ECA27BBDE54DAB3 /* SplashController.h */ = {isa = PBXFileReference; includeInIndex = 1; lastKnownFileType = sourcecode.c.h; path = SplashController.h; sourceTree = "<group>"; };
		4E928FC0744F616841826F46 /* DescriptionController.h */ = {isa = PBXFileReference; includeInIndex = 1; lastKnownFileType = sourcecode.c.h; path = DescriptionController.h; sourceTree = "<group>"; };
		4FA837C2E91823CB7EF2A468 /* EarthScreenProtocols.h */ = {isa = PBXFileReference; includeInIndex = 1; lastKnownFileType = sourcecode.c.h; path = EarthScreenProtocols.h; sourceTree = "<group>"; };
		53EEC9A4536851B9D522B826 /* ViewerView.h */ = {isa = PBXFileReference; includeInIndex = 1; lastKnownFileType = sourcecode.c.h; path = ViewerView.h; sourceTree = "<group>"; };
		5874DC857923EE5B3F43B0F4 /* ViewerViewController.m */ = {isa = PBXFileReference; includeInIndex = 1; lastKnownFileType = sourcecode.c.objc; path = ViewerViewController.m; sourceTree = "<group>"; };
		5D90B169F1BF90A7F0EA5FD7 /* ViewerProtocols.h */ = {isa = PBXFileReference; includeInIndex = 1; lastKnownFileType = sourcecode.c.h; path = ViewerProtocols.h; sourceTree = "<group>"; };
		6BD44CC78F22DBCFEB90ECBA /* SharingView.h */ = {isa = PBXFileReference; includeInIndex = 1; lastKnownFileType = sourcecode.c.h; path = SharingView.h; sourceTree = "<group>"; };
		6E3D796C1D5FDEA281D0982C /* MapController.h */ = {isa = PBXFileReference; includeInIndex = 1; lastKnownFileType = sourcecode.c.h; path = MapController.h; sourceTree = "<group>"; };
		709A64332C10D8962B8FA58A /* EarthScreenView.h */ = {isa = PBXFileReference; includeInIndex = 1; lastKnownFileType = sourcecode.c.h; path = EarthScreenView.h; sourceTree = "<group>"; };
		71CE12BB11EBCD610B17150E /* EarthScreenViewController.m */ = {isa = PBXFileReference; includeInIndex = 1; lastKnownFileType = sourcecode.c.objc; path = EarthScreenViewController.m; sourceTree = "<group>"; };
		7588AC8566E7CC54F9C42438 /* MapViewController.h */ = {isa = PBXFileReference; includeInIndex = 1; lastKnownFileType = sourcecode.c.h; path = MapViewController.h; sourceTree = "<group>"; };
		7D19F3141F2F782A000202AA /* CelestialBodyImageCell.h */ = {isa = PBXFileReference; lastKnownFileType = sourcecode.c.h; path = CelestialBodyImageCell.h; sourceTree = "<group>"; };
		7D19F3151F2F782A000202AA /* CelestialBodyImageCell.m */ = {isa = PBXFileReference; lastKnownFileType = sourcecode.c.objc; path = CelestialBodyImageCell.m; sourceTree = "<group>"; };
		7D19F3181F2F7C60000202AA /* CustomFlowLayout.h */ = {isa = PBXFileReference; lastKnownFileType = sourcecode.c.h; path = CustomFlowLayout.h; sourceTree = "<group>"; };
		7D19F3191F2F7C60000202AA /* CustomFlowLayout.m */ = {isa = PBXFileReference; lastKnownFileType = sourcecode.c.objc; path = CustomFlowLayout.m; sourceTree = "<group>"; };
		7DA6C8111F274AE300A5BB0F /* RootNavigationController.h */ = {isa = PBXFileReference; fileEncoding = 4; lastKnownFileType = sourcecode.c.h; path = RootNavigationController.h; sourceTree = "<group>"; };
		7DA6C8121F274AE300A5BB0F /* RootNavigationController.m */ = {isa = PBXFileReference; fileEncoding = 4; lastKnownFileType = sourcecode.c.objc; path = RootNavigationController.m; sourceTree = "<group>"; };
		7DA76F501F3B5D82002DF728 /* ShareManager.h */ = {isa = PBXFileReference; lastKnownFileType = sourcecode.c.h; path = ShareManager.h; sourceTree = "<group>"; };
		7DA76F511F3B5D82002DF728 /* ShareManager.m */ = {isa = PBXFileReference; lastKnownFileType = sourcecode.c.objc; path = ShareManager.m; sourceTree = "<group>"; };
		7DAAC2341F34A0FC00C3B68D /* UIImage+Filtering.h */ = {isa = PBXFileReference; lastKnownFileType = sourcecode.c.h; path = "UIImage+Filtering.h"; sourceTree = "<group>"; };
		7DAAC2351F34A0FC00C3B68D /* UIImage+Filtering.m */ = {isa = PBXFileReference; lastKnownFileType = sourcecode.c.objc; path = "UIImage+Filtering.m"; sourceTree = "<group>"; };
		7DC05E3F1F322A330090A29B /* CropView.h */ = {isa = PBXFileReference; lastKnownFileType = sourcecode.c.h; path = CropView.h; sourceTree = "<group>"; };
		7DC05E401F322A330090A29B /* CropView.m */ = {isa = PBXFileReference; lastKnownFileType = sourcecode.c.objc; path = CropView.m; sourceTree = "<group>"; };
		7DC0C4131F2A355A0080EEAE /* CelestialBodyEntity.h */ = {isa = PBXFileReference; lastKnownFileType = sourcecode.c.h; path = CelestialBodyEntity.h; sourceTree = "<group>"; };
		7DC0C4141F2A355A0080EEAE /* CelestialBodyEntity.m */ = {isa = PBXFileReference; lastKnownFileType = sourcecode.c.objc; path = CelestialBodyEntity.m; sourceTree = "<group>"; };
		7DC0C4171F2A44490080EEAE /* PopupView.h */ = {isa = PBXFileReference; lastKnownFileType = sourcecode.c.h; path = PopupView.h; sourceTree = "<group>"; };
		7DC0C4181F2A44490080EEAE /* PopupView.m */ = {isa = PBXFileReference; lastKnownFileType = sourcecode.c.objc; path = PopupView.m; sourceTree = "<group>"; };
		7DC68FD31F39D32F007F7DF0 /* ManagedCelesctialBodyEntity.h */ = {isa = PBXFileReference; lastKnownFileType = sourcecode.c.h; path = ManagedCelesctialBodyEntity.h; sourceTree = "<group>"; };
		7DC68FD41F39D32F007F7DF0 /* ManagedCelesctialBodyEntity.m */ = {isa = PBXFileReference; lastKnownFileType = sourcecode.c.objc; path = ManagedCelesctialBodyEntity.m; sourceTree = "<group>"; };
		7DDA21FF1F1E1A15004155F6 /* MapProtocols.h */ = {isa = PBXFileReference; lastKnownFileType = sourcecode.c.h; path = MapProtocols.h; sourceTree = "<group>"; };
		7DDA22011F1E2184004155F6 /* SplashProtocols.h */ = {isa = PBXFileReference; fileEncoding = 4; lastKnownFileType = sourcecode.c.h; path = SplashProtocols.h; sourceTree = "<group>"; };
		7DDA22061F1E36AD004155F6 /* AladinMap */ = {isa = PBXFileReference; lastKnownFileType = folder; path = AladinMap; sourceTree = "<group>"; };
		7DDC42451F3896F900DA176D /* DataStorageManager.h */ = {isa = PBXFileReference; lastKnownFileType = sourcecode.c.h; path = DataStorageManager.h; sourceTree = "<group>"; };
		7DDC42461F3896F900DA176D /* DataStorageManager.m */ = {isa = PBXFileReference; lastKnownFileType = sourcecode.c.objc; path = DataStorageManager.m; sourceTree = "<group>"; };
		7DFF4A281F1CCAB600E5A602 /* briznichenkoProject.app */ = {isa = PBXFileReference; explicitFileType = wrapper.application; includeInIndex = 0; path = briznichenkoProject.app; sourceTree = BUILT_PRODUCTS_DIR; };
		7DFF4A2C1F1CCAB600E5A602 /* main.m */ = {isa = PBXFileReference; lastKnownFileType = sourcecode.c.objc; path = main.m; sourceTree = "<group>"; };
		7DFF4A2E1F1CCAB600E5A602 /* AppDelegate.h */ = {isa = PBXFileReference; lastKnownFileType = sourcecode.c.h; path = AppDelegate.h; sourceTree = "<group>"; };
		7DFF4A2F1F1CCAB600E5A602 /* AppDelegate.m */ = {isa = PBXFileReference; lastKnownFileType = sourcecode.c.objc; path = AppDelegate.m; sourceTree = "<group>"; };
		7DFF4A3F1F1CCAB700E5A602 /* Info.plist */ = {isa = PBXFileReference; lastKnownFileType = text.plist.xml; path = Info.plist; sourceTree = "<group>"; };
		7DFF4A571F1D0C5F00E5A602 /* UIImage+animatedGIF.h */ = {isa = PBXFileReference; fileEncoding = 4; lastKnownFileType = sourcecode.c.h; path = "UIImage+animatedGIF.h"; sourceTree = "<group>"; };
		7DFF4A581F1D0C5F00E5A602 /* UIImage+animatedGIF.m */ = {isa = PBXFileReference; fileEncoding = 4; lastKnownFileType = sourcecode.c.objc; path = "UIImage+animatedGIF.m"; sourceTree = "<group>"; };
		7DFF4A5D1F1D1C4800E5A602 /* Assets.xcassets */ = {isa = PBXFileReference; lastKnownFileType = folder.assetcatalog; name = Assets.xcassets; path = Resources/Assets.xcassets; sourceTree = "<group>"; };
		7DFF4A5F1F1D1C4F00E5A602 /* giphy.gif */ = {isa = PBXFileReference; lastKnownFileType = image.gif; name = giphy.gif; path = Resources/Assets.xcassets/giphy.gif; sourceTree = "<group>"; };
		889DCF003E402B28088ED2C9 /* SplashController.m */ = {isa = PBXFileReference; includeInIndex = 1; lastKnownFileType = sourcecode.c.objc; path = SplashController.m; sourceTree = "<group>"; };
		8A6D8B6D12D95B1861E6B577 /* MapModel.h */ = {isa = PBXFileReference; includeInIndex = 1; lastKnownFileType = sourcecode.c.h; path = MapModel.h; sourceTree = "<group>"; };
		8A70613725AB4A302DCDF63F /* EarthScreenModel.h */ = {isa = PBXFileReference; includeInIndex = 1; lastKnownFileType = sourcecode.c.h; path = EarthScreenModel.h; sourceTree = "<group>"; };
		8AFD4B2F1D81571489F97AEF /* GalleryView.h */ = {isa = PBXFileReference; includeInIndex = 1; lastKnownFileType = sourcecode.c.h; path = GalleryView.h; sourceTree = "<group>"; };
		8E4D11EDFC9508140DFB2D82 /* DescriptionController.m */ = {isa = PBXFileReference; includeInIndex = 1; lastKnownFileType = sourcecode.c.objc; path = DescriptionController.m; sourceTree = "<group>"; };
		8E512894172FE78D737A1E13 /* SideMenuView.m */ = {isa = PBXFileReference; includeInIndex = 1; lastKnownFileType = sourcecode.c.objc; path = SideMenuView.m; sourceTree = "<group>"; };
		91F14EEEEB7027D5C3ECAE03 /* SplashView.h */ = {isa = PBXFileReference; includeInIndex = 1; lastKnownFileType = sourcecode.c.h; path = SplashView.h; sourceTree = "<group>"; };
		94332C92A8267E7A0DD7B362 /* MapView.h */ = {isa = PBXFileReference; includeInIndex = 1; lastKnownFileType = sourcecode.c.h; path = MapView.h; sourceTree = "<group>"; };
		986C4775EA43E46C6F607D47 /* SideMenuModel.m */ = {isa = PBXFileReference; includeInIndex = 1; lastKnownFileType = sourcecode.c.objc; path = SideMenuModel.m; sourceTree = "<group>"; };
		99FEE64B7D8B0BE6B89E043A /* EarthScreenModel.m */ = {isa = PBXFileReference; includeInIndex = 1; lastKnownFileType = sourcecode.c.objc; path = EarthScreenModel.m; sourceTree = "<group>"; };
		9C523DD30E43D87AEE2F6B66 /* DescriptionView.m */ = {isa = PBXFileReference; includeInIndex = 1; lastKnownFileType = sourcecode.c.objc; path = DescriptionView.m; sourceTree = "<group>"; };
		9DBBAD5236B265EB3FBBBFB8 /* ViewerViewController.h */ = {isa = PBXFileReference; includeInIndex = 1; lastKnownFileType = sourcecode.c.h; path = ViewerViewController.h; sourceTree = "<group>"; };
		A31FBDF9964D745A5ED3FF7B /* DescriptionModel.m */ = {isa = PBXFileReference; includeInIndex = 1; lastKnownFileType = sourcecode.c.objc; path = DescriptionModel.m; sourceTree = "<group>"; };
		A7424BC5761E1EED5EA8BA69 /* GalleryController.m */ = {isa = PBXFileReference; includeInIndex = 1; lastKnownFileType = sourcecode.c.objc; path = GalleryController.m; sourceTree = "<group>"; };
		AC3B7C26A11D323864D16833 /* SharingController.h */ = {isa = PBXFileReference; includeInIndex = 1; lastKnownFileType = sourcecode.c.h; path = SharingController.h; sourceTree = "<group>"; };
		AEFEAE924FD6EC5E4B271461 /* SharingViewController.h */ = {isa = PBXFileReference; includeInIndex = 1; lastKnownFileType = sourcecode.c.h; path = SharingViewController.h; sourceTree = "<group>"; };
		AF049F1F361EA682F2C04495 /* ViewerModel.m */ = {isa = PBXFileReference; includeInIndex = 1; lastKnownFileType = sourcecode.c.objc; path = ViewerModel.m; sourceTree = "<group>"; };
		B0648693740D5E8DDF7FA40B /* MapViewController.m */ = {isa = PBXFileReference; includeInIndex = 1; lastKnownFileType = sourcecode.c.objc; path = MapViewController.m; sourceTree = "<group>"; };
		B0A0BA7F3FEB6440ED2B24D6 /* MapController.m */ = {isa = PBXFileReference; includeInIndex = 1; lastKnownFileType = sourcecode.c.objc; path = MapController.m; sourceTree = "<group>"; };
		B5344B1296186DF734B91DCA /* DescriptionViewController.h */ = {isa = PBXFileReference; includeInIndex = 1; lastKnownFileType = sourcecode.c.h; path = DescriptionViewController.h; sourceTree = "<group>"; };
		B909ACE4806E2836904D3F16 /* EarthScreenController.h */ = {isa = PBXFileReference; includeInIndex = 1; lastKnownFileType = sourcecode.c.h; path = EarthScreenController.h; sourceTree = "<group>"; };
		C01C9450600A03BE640C6659 /* DescriptionModel.h */ = {isa = PBXFileReference; includeInIndex = 1; lastKnownFileType = sourcecode.c.h; path = DescriptionModel.h; sourceTree = "<group>"; };
		CC3C398685EF2E5E16AEADCC /* SideMenuViewController.h */ = {isa = PBXFileReference; includeInIndex = 1; lastKnownFileType = sourcecode.c.h; path = SideMenuViewController.h; sourceTree = "<group>"; };
		CD48EB979C55EDAB2A149CEA /* SharingModel.h */ = {isa = PBXFileReference; includeInIndex = 1; lastKnownFileType = sourcecode.c.h; path = SharingModel.h; sourceTree = "<group>"; };
		CF83C08F18F6AB8877B3971B /* EarthScreenController.m */ = {isa = PBXFileReference; includeInIndex = 1; lastKnownFileType = sourcecode.c.objc; path = EarthScreenController.m; sourceTree = "<group>"; };
		D01F2A148D03A889FDB5C396 /* SplashView.m */ = {isa = PBXFileReference; includeInIndex = 1; lastKnownFileType = sourcecode.c.objc; path = SplashView.m; sourceTree = "<group>"; };
		D4FAB093F1DE6E832083EE02 /* SharingController.m */ = {isa = PBXFileReference; includeInIndex = 1; lastKnownFileType = sourcecode.c.objc; path = SharingController.m; sourceTree = "<group>"; };
		D514B6158AD10027A24DCCC7 /* ViewerController.h */ = {isa = PBXFileReference; includeInIndex = 1; lastKnownFileType = sourcecode.c.h; path = ViewerController.h; sourceTree = "<group>"; };
		D52B0A41D1A3155122302517 /* SideMenuViewController.m */ = {isa = PBXFileReference; includeInIndex = 1; lastKnownFileType = sourcecode.c.objc; path = SideMenuViewController.m; sourceTree = "<group>"; };
		D93138367BDD80C8D9798DAF /* SharingViewController.m */ = {isa = PBXFileReference; includeInIndex = 1; lastKnownFileType = sourcecode.c.objc; path = SharingViewController.m; sourceTree = "<group>"; };
		D9BBB6FC604F0591AF5EA292 /* EarthScreenViewController.h */ = {isa = PBXFileReference; includeInIndex = 1; lastKnownFileType = sourcecode.c.h; path = EarthScreenViewController.h; sourceTree = "<group>"; };
		DB96E562D3CCFEFB9351A2BD /* SharingModel.m */ = {isa = PBXFileReference; includeInIndex = 1; lastKnownFileType = sourcecode.c.objc; path = SharingModel.m; sourceTree = "<group>"; };
		DD3C9FD5A3188CA9A02FEA76 /* SideMenuProtocols.h */ = {isa = PBXFileReference; includeInIndex = 1; lastKnownFileType = sourcecode.c.h; path = SideMenuProtocols.h; sourceTree = "<group>"; };
		DD4B3A46E2C8F97A83B90387 /* EarthScreenView.m */ = {isa = PBXFileReference; includeInIndex = 1; lastKnownFileType = sourcecode.c.objc; path = EarthScreenView.m; sourceTree = "<group>"; };
		E6B62FDD043CBC37D89B9993 /* MapModel.m */ = {isa = PBXFileReference; includeInIndex = 1; lastKnownFileType = sourcecode.c.objc; path = MapModel.m; sourceTree = "<group>"; };
		EC9DEC7A0CF35041343B660D /* DescriptionProtocols.h */ = {isa = PBXFileReference; includeInIndex = 1; lastKnownFileType = sourcecode.c.h; path = DescriptionProtocols.h; sourceTree = "<group>"; };
		F420EFB54B44A3D6C81DDDEC /* GalleryView.m */ = {isa = PBXFileReference; includeInIndex = 1; lastKnownFileType = sourcecode.c.objc; path = GalleryView.m; sourceTree = "<group>"; };
		F4C73FC46A91B41B5623DFCD /* SideMenuController.m */ = {isa = PBXFileReference; includeInIndex = 1; lastKnownFileType = sourcecode.c.objc; path = SideMenuController.m; sourceTree = "<group>"; };
		F9F253E8E5CB2CADAA9D0E92 /* DescriptionView.h */ = {isa = PBXFileReference; includeInIndex = 1; lastKnownFileType = sourcecode.c.h; path = DescriptionView.h; sourceTree = "<group>"; };
		FBCA5ADCBD115C9AB49A436B /* SplashModel.m */ = {isa = PBXFileReference; includeInIndex = 1; lastKnownFileType = sourcecode.c.objc; path = SplashModel.m; sourceTree = "<group>"; };
		FF2CF65C8E69071D732E3F3E /* GalleryProtocols.h */ = {isa = PBXFileReference; includeInIndex = 1; lastKnownFileType = sourcecode.c.h; path = GalleryProtocols.h; sourceTree = "<group>"; };
/* End PBXFileReference section */

/* Begin PBXFrameworksBuildPhase section */
		7DFF4A251F1CCAB600E5A602 /* Frameworks */ = {
			isa = PBXFrameworksBuildPhase;
			buildActionMask = 2147483647;
			files = (
			);
			runOnlyForDeploymentPostprocessing = 0;
		};
/* End PBXFrameworksBuildPhase section */

/* Begin PBXGroup section */
		0817F7547F669C18523E8771 /* View */ = {
			isa = PBXGroup;
			children = (
				D9BBB6FC604F0591AF5EA292 /* EarthScreenViewController.h */,
				71CE12BB11EBCD610B17150E /* EarthScreenViewController.m */,
				709A64332C10D8962B8FA58A /* EarthScreenView.h */,
				DD4B3A46E2C8F97A83B90387 /* EarthScreenView.m */,
			);
			path = View;
			sourceTree = "<group>";
		};
		2119E9CB9E54120A696235FC /* View */ = {
			isa = PBXGroup;
			children = (
				4809F24BF3FD2E9E09D57A00 /* SplashViewController.h */,
				44DB671209B5A8823AB7D9FD /* SplashViewController.m */,
				91F14EEEEB7027D5C3ECAE03 /* SplashView.h */,
				D01F2A148D03A889FDB5C396 /* SplashView.m */,
			);
			path = View;
			sourceTree = "<group>";
		};
		27AF2DDF89A3477ECC9919B1 /* Interface */ = {
			isa = PBXGroup;
			children = (
				FF2CF65C8E69071D732E3F3E /* GalleryProtocols.h */,
			);
			path = Interface;
			sourceTree = "<group>";
		};
		29CAA8EF671583A4FFDC07E3 /* Controller */ = {
			isa = PBXGroup;
			children = (
				AC3B7C26A11D323864D16833 /* SharingController.h */,
				D4FAB093F1DE6E832083EE02 /* SharingController.m */,
			);
			path = Controller;
			sourceTree = "<group>";
		};
		2F904CF01D5BB048B8CAC681 /* Viewer */ = {
			isa = PBXGroup;
			children = (
				52A96334E2BF677AD19017FF /* Controller */,
				D890F05A488C904EC87121E0 /* Interface */,
				F9993D89DABC1D58D75D16C1 /* Model */,
				AC68BB4351B1FD9777C7C7BC /* View */,
			);
			name = Viewer;
			path = briznichenkoProject/GalaxyMapSequence/Viewer;
			sourceTree = SOURCE_ROOT;
		};
		301872B5440676523E6C9D68 /* Model */ = {
			isa = PBXGroup;
			children = (
				8A70613725AB4A302DCDF63F /* EarthScreenModel.h */,
				99FEE64B7D8B0BE6B89E043A /* EarthScreenModel.m */,
			);
			path = Model;
			sourceTree = "<group>";
		};
		34FD9D1DF8F288AF9CA654B1 /* View */ = {
			isa = PBXGroup;
			children = (
				2578F86F5EA945037BF99FBC /* GalleryViewController.h */,
				1DA829C734E945437B1C4CAE /* GalleryViewController.m */,
				8AFD4B2F1D81571489F97AEF /* GalleryView.h */,
				F420EFB54B44A3D6C81DDDEC /* GalleryView.m */,
				7D19F3171F2F7C2E000202AA /* CustomFlowLayout */,
				7D19F3131F2F77C5000202AA /* CelestialBodyImageCell */,
			);
			path = View;
			sourceTree = "<group>";
		};
		4896ABBBE6F66569B0EB3FBA /* Model */ = {
			isa = PBXGroup;
			children = (
				CD48EB979C55EDAB2A149CEA /* SharingModel.h */,
				DB96E562D3CCFEFB9351A2BD /* SharingModel.m */,
			);
			path = Model;
			sourceTree = "<group>";
		};
		498CA9CDB24F82840E2E7CE5 /* View */ = {
			isa = PBXGroup;
			children = (
				7588AC8566E7CC54F9C42438 /* MapViewController.h */,
				B0648693740D5E8DDF7FA40B /* MapViewController.m */,
				94332C92A8267E7A0DD7B362 /* MapView.h */,
				491AA717A4C9A117D95C415C /* MapView.m */,
				7DC0C4161F2A44080080EEAE /* PopupView */,
			);
			path = View;
			sourceTree = "<group>";
		};
		4D737372BA6E5224166BEC0C /* Interface */ = {
			isa = PBXGroup;
			children = (
				DD3C9FD5A3188CA9A02FEA76 /* SideMenuProtocols.h */,
			);
			path = Interface;
			sourceTree = "<group>";
		};
		4EA5827911E8E643DB2C9503 /* Controller */ = {
			isa = PBXGroup;
			children = (
				26D99E1C4BFE3DE39F03784A /* SideMenuController.h */,
				F4C73FC46A91B41B5623DFCD /* SideMenuController.m */,
			);
			path = Controller;
			sourceTree = "<group>";
		};
		51B2183435554D3801645546 /* Splash */ = {
			isa = PBXGroup;
			children = (
				7DDA22001F1E215C004155F6 /* Interface */,
				DB6B1BB75BAE83A5EC58D4FA /* Controller */,
				CE08339D477560BBCCECB2F5 /* Model */,
				7DFF4A511F1D025800E5A602 /* Util */,
				2119E9CB9E54120A696235FC /* View */,
			);
			name = Splash;
			path = briznichenkoProject/sequences/Splash;
			sourceTree = SOURCE_ROOT;
		};
		52A96334E2BF677AD19017FF /* Controller */ = {
			isa = PBXGroup;
			children = (
				D514B6158AD10027A24DCCC7 /* ViewerController.h */,
				04DADCC50ED9B2E27F15F2F2 /* ViewerController.m */,
			);
			path = Controller;
			sourceTree = "<group>";
		};
		5859328CB83F1AEBE39E94D1 /* Map */ = {
			isa = PBXGroup;
			children = (
				980D1A5BB1916D96F21E973A /* Controller */,
				673236705B976A669E043708 /* Interface */,
				E11F9C4E7D34C5683961A4B0 /* Model */,
				498CA9CDB24F82840E2E7CE5 /* View */,
			);
			name = Map;
			path = briznichenkoProject/GalaxyMapSequence/Map;
			sourceTree = SOURCE_ROOT;
		};
		5DDE832FC671E4F11B8CE095 /* Interface */ = {
			isa = PBXGroup;
			children = (
				4FA837C2E91823CB7EF2A468 /* EarthScreenProtocols.h */,
			);
			path = Interface;
			sourceTree = "<group>";
		};
		62E7EF4C8AAEB95327988EA5 /* Interface */ = {
			isa = PBXGroup;
			children = (
				EC9DEC7A0CF35041343B660D /* DescriptionProtocols.h */,
			);
			path = Interface;
			sourceTree = "<group>";
		};
		6381710338157DCDDAA93A89 /* Controller */ = {
			isa = PBXGroup;
			children = (
				22946662C5D00DF902335257 /* GalleryController.h */,
				A7424BC5761E1EED5EA8BA69 /* GalleryController.m */,
			);
			path = Controller;
			sourceTree = "<group>";
		};
		673236705B976A669E043708 /* Interface */ = {
			isa = PBXGroup;
			children = (
				7DDA21FF1F1E1A15004155F6 /* MapProtocols.h */,
			);
			path = Interface;
			sourceTree = "<group>";
		};
		677386D0F03F78D6BF519E97 /* Controller */ = {
			isa = PBXGroup;
			children = (
				B909ACE4806E2836904D3F16 /* EarthScreenController.h */,
				CF83C08F18F6AB8877B3971B /* EarthScreenController.m */,
			);
			path = Controller;
			sourceTree = "<group>";
		};
		73201F51053F90A0B1C1EE53 /* View */ = {
			isa = PBXGroup;
			children = (
				CC3C398685EF2E5E16AEADCC /* SideMenuViewController.h */,
				D52B0A41D1A3155122302517 /* SideMenuViewController.m */,
				16C03507C294075518384316 /* SideMenuView.h */,
				8E512894172FE78D737A1E13 /* SideMenuView.m */,
			);
			path = View;
			sourceTree = "<group>";
		};
		78F7D614159C7C2AB9E81EB5 /* SideMenu */ = {
			isa = PBXGroup;
			children = (
				4D737372BA6E5224166BEC0C /* Interface */,
				4EA5827911E8E643DB2C9503 /* Controller */,
				73201F51053F90A0B1C1EE53 /* View */,
				DB60BD9F374F667C91417F25 /* Model */,
			);
			name = SideMenu;
			path = briznichenkoProject/sequences/SideMenu;
			sourceTree = SOURCE_ROOT;
		};
		7D19F3121F2F45D2000202AA /* GalaxyMapSequence */ = {
			isa = PBXGroup;
			children = (
				2F904CF01D5BB048B8CAC681 /* Viewer */,
				ADCDF758407EB0ACD0659C08 /* Gallery */,
				FD8687A18967EBA1211B491E /* Description */,
				5859328CB83F1AEBE39E94D1 /* Map */,
			);
			path = GalaxyMapSequence;
			sourceTree = "<group>";
		};
		7D19F3131F2F77C5000202AA /* CelestialBodyImageCell */ = {
			isa = PBXGroup;
			children = (
				7D19F3141F2F782A000202AA /* CelestialBodyImageCell.h */,
				7D19F3151F2F782A000202AA /* CelestialBodyImageCell.m */,
			);
			path = CelestialBodyImageCell;
			sourceTree = "<group>";
		};
		7D19F3171F2F7C2E000202AA /* CustomFlowLayout */ = {
			isa = PBXGroup;
			children = (
				7D19F3181F2F7C60000202AA /* CustomFlowLayout.h */,
				7D19F3191F2F7C60000202AA /* CustomFlowLayout.m */,
			);
			path = CustomFlowLayout;
			sourceTree = "<group>";
		};
		7D32A42B1F28C29900485FE1 /* NavigationViews */ = {
			isa = PBXGroup;
			children = (
			);
			name = NavigationViews;
			sourceTree = "<group>";
		};
		7DA6C8101F274AAF00A5BB0F /* RootNavigationController */ = {
			isa = PBXGroup;
			children = (
				7DA6C8111F274AE300A5BB0F /* RootNavigationController.h */,
				7DA6C8121F274AE300A5BB0F /* RootNavigationController.m */,
				7D32A42B1F28C29900485FE1 /* NavigationViews */,
			);
			name = RootNavigationController;
			sourceTree = "<group>";
		};
		7DA76F4D1F3B4492002DF728 /* LibrarySequence */ = {
			isa = PBXGroup;
			children = (
			);
			path = LibrarySequence;
			sourceTree = "<group>";
		};
		7DA76F4E1F3B57F0002DF728 /* ShareManager */ = {
			isa = PBXGroup;
			children = (
				7DA76F501F3B5D82002DF728 /* ShareManager.h */,
				7DA76F511F3B5D82002DF728 /* ShareManager.m */,
			);
			path = ShareManager;
			sourceTree = "<group>";
		};
		7DA76F4F1F3B57F9002DF728 /* Managers */ = {
			isa = PBXGroup;
			children = (
				7DA76F4E1F3B57F0002DF728 /* ShareManager */,
				7DDC42441F388C5600DA176D /* DataManager */,
			);
			path = Managers;
			sourceTree = "<group>";
		};
		7DA76F531F3B62D6002DF728 /* External */ = {
			isa = PBXGroup;
			children = (
			);
			name = External;
			sourceTree = "<group>";
		};
		7DAAC2321F349D3700C3B68D /* Filters */ = {
			isa = PBXGroup;
			children = (
				7DAAC2341F34A0FC00C3B68D /* UIImage+Filtering.h */,
				7DAAC2351F34A0FC00C3B68D /* UIImage+Filtering.m */,
			);
			path = Filters;
			sourceTree = "<group>";
		};
		7DAAC2371F34DB7B00C3B68D /* EarthSequence */ = {
			isa = PBXGroup;
			children = (
				FE2C170309453024512A160B /* EarthScreen */,
			);
			path = EarthSequence;
			sourceTree = "<group>";
		};
		7DC05E3E1F3229CC0090A29B /* CropView */ = {
			isa = PBXGroup;
			children = (
				7DC05E3F1F322A330090A29B /* CropView.h */,
				7DC05E401F322A330090A29B /* CropView.m */,
			);
			path = CropView;
			sourceTree = "<group>";
		};
		7DC0C4121F2A34E40080EEAE /* Entities */ = {
			isa = PBXGroup;
			children = (
				7DC68FD21F39D26A007F7DF0 /* SpaceObjectEntity */,
			);
			path = Entities;
			sourceTree = "<group>";
		};
		7DC0C4161F2A44080080EEAE /* PopupView */ = {
			isa = PBXGroup;
			children = (
				7DC0C4171F2A44490080EEAE /* PopupView.h */,
				7DC0C4181F2A44490080EEAE /* PopupView.m */,
			);
			path = PopupView;
			sourceTree = "<group>";
		};
		7DC68FD21F39D26A007F7DF0 /* SpaceObjectEntity */ = {
			isa = PBXGroup;
			children = (
				7DC0C4131F2A355A0080EEAE /* CelestialBodyEntity.h */,
				7DC0C4141F2A355A0080EEAE /* CelestialBodyEntity.m */,
				7DC68FD31F39D32F007F7DF0 /* ManagedCelesctialBodyEntity.h */,
				7DC68FD41F39D32F007F7DF0 /* ManagedCelesctialBodyEntity.m */,
			);
			path = SpaceObjectEntity;
			sourceTree = "<group>";
		};
		7DDA22001F1E215C004155F6 /* Interface */ = {
			isa = PBXGroup;
			children = (
				7DDA22011F1E2184004155F6 /* SplashProtocols.h */,
			);
			name = Interface;
			sourceTree = "<group>";
		};
		7DDC42441F388C5600DA176D /* DataManager */ = {
			isa = PBXGroup;
			children = (
				7DDC42451F3896F900DA176D /* DataStorageManager.h */,
				7DDC42461F3896F900DA176D /* DataStorageManager.m */,
			);
			path = DataManager;
			sourceTree = "<group>";
		};
		7DFF4A1F1F1CCAB600E5A602 = {
			isa = PBXGroup;
			children = (
				7DFF4A2A1F1CCAB600E5A602 /* briznichenkoProject */,
				7DFF4A291F1CCAB600E5A602 /* Products */,
			);
			sourceTree = "<group>";
		};
		7DFF4A291F1CCAB600E5A602 /* Products */ = {
			isa = PBXGroup;
			children = (
				7DFF4A281F1CCAB600E5A602 /* briznichenkoProject.app */,
			);
			name = Products;
			sourceTree = "<group>";
		};
		7DFF4A2A1F1CCAB600E5A602 /* briznichenkoProject */ = {
			isa = PBXGroup;
			children = (
				7DFF4A451F1CCB0800E5A602 /* Applicaiton */,
				7DFF4A471F1CCB3D00E5A602 /* Classes */,
				7DA76F531F3B62D6002DF728 /* External */,
				7DFF4A461F1CCB1E00E5A602 /* Resources */,
			);
			path = briznichenkoProject;
			sourceTree = "<group>";
		};
		7DFF4A451F1CCB0800E5A602 /* Applicaiton */ = {
			isa = PBXGroup;
			children = (
				7DFF4A2E1F1CCAB600E5A602 /* AppDelegate.h */,
				7DFF4A2F1F1CCAB600E5A602 /* AppDelegate.m */,
				7DFF4A2C1F1CCAB600E5A602 /* main.m */,
				7DFF4A3F1F1CCAB700E5A602 /* Info.plist */,
			);
			name = Applicaiton;
			sourceTree = "<group>";
		};
		7DFF4A461F1CCB1E00E5A602 /* Resources */ = {
			isa = PBXGroup;
			children = (
				7DDA22061F1E36AD004155F6 /* AladinMap */,
				7DFF4A5F1F1D1C4F00E5A602 /* giphy.gif */,
				7DFF4A5D1F1D1C4800E5A602 /* Assets.xcassets */,
			);
			name = Resources;
			sourceTree = "<group>";
		};
		7DFF4A471F1CCB3D00E5A602 /* Classes */ = {
			isa = PBXGroup;
			children = (
				7DFF4A551F1D02BB00E5A602 /* Sequences */,
				7DFF4A561F1D02C600E5A602 /* Shared */,
			);
			name = Classes;
			sourceTree = "<group>";
		};
		7DFF4A511F1D025800E5A602 /* Util */ = {
			isa = PBXGroup;
			children = (
				7DFF4A571F1D0C5F00E5A602 /* UIImage+animatedGIF.h */,
				7DFF4A581F1D0C5F00E5A602 /* UIImage+animatedGIF.m */,
			);
			name = Util;
			sourceTree = "<group>";
		};
		7DFF4A551F1D02BB00E5A602 /* Sequences */ = {
			isa = PBXGroup;
			children = (
				7DA76F4D1F3B4492002DF728 /* LibrarySequence */,
				7DAAC2371F34DB7B00C3B68D /* EarthSequence */,
				7D19F3121F2F45D2000202AA /* GalaxyMapSequence */,
				51B2183435554D3801645546 /* Splash */,
			);
			name = Sequences;
			sourceTree = "<group>";
		};
		7DFF4A561F1D02C600E5A602 /* Shared */ = {
			isa = PBXGroup;
			children = (
				7DA76F4F1F3B57F9002DF728 /* Managers */,
				CF40C0534738719B173C7237 /* Sharing */,
				7DC0C4121F2A34E40080EEAE /* Entities */,
				78F7D614159C7C2AB9E81EB5 /* SideMenu */,
				7DA6C8101F274AAF00A5BB0F /* RootNavigationController */,
			);
			name = Shared;
			sourceTree = "<group>";
		};
		8F11D7175FBCCDB942E888D2 /* Interface */ = {
			isa = PBXGroup;
			children = (
				46EB9E0F6C9186BB85783BBC /* SharingProtocols.h */,
			);
			path = Interface;
			sourceTree = "<group>";
		};
		980D1A5BB1916D96F21E973A /* Controller */ = {
			isa = PBXGroup;
			children = (
				6E3D796C1D5FDEA281D0982C /* MapController.h */,
				B0A0BA7F3FEB6440ED2B24D6 /* MapController.m */,
			);
			path = Controller;
			sourceTree = "<group>";
		};
		9E6E5C555215370DD66AF96D /* View */ = {
			isa = PBXGroup;
			children = (
				B5344B1296186DF734B91DCA /* DescriptionViewController.h */,
				43D09360ECAFC28C5308F595 /* DescriptionViewController.m */,
				F9F253E8E5CB2CADAA9D0E92 /* DescriptionView.h */,
				9C523DD30E43D87AEE2F6B66 /* DescriptionView.m */,
			);
			path = View;
			sourceTree = "<group>";
		};
		A4672EFA12E0F88FF69DD143 /* Model */ = {
			isa = PBXGroup;
			children = (
				C01C9450600A03BE640C6659 /* DescriptionModel.h */,
				A31FBDF9964D745A5ED3FF7B /* DescriptionModel.m */,
			);
			path = Model;
			sourceTree = "<group>";
		};
		AC68BB4351B1FD9777C7C7BC /* View */ = {
			isa = PBXGroup;
			children = (
				7DC05E3E1F3229CC0090A29B /* CropView */,
				7DAAC2321F349D3700C3B68D /* Filters */,
				53EEC9A4536851B9D522B826 /* ViewerView.h */,
				0EF2E0DBD9C25D40F9C639E0 /* ViewerView.m */,
				9DBBAD5236B265EB3FBBBFB8 /* ViewerViewController.h */,
				5874DC857923EE5B3F43B0F4 /* ViewerViewController.m */,
			);
			path = View;
			sourceTree = "<group>";
		};
		ADCDF758407EB0ACD0659C08 /* Gallery */ = {
			isa = PBXGroup;
			children = (
				6381710338157DCDDAA93A89 /* Controller */,
				27AF2DDF89A3477ECC9919B1 /* Interface */,
				FAF5CFC2E5E91C391FD22FE8 /* Model */,
				34FD9D1DF8F288AF9CA654B1 /* View */,
			);
			name = Gallery;
			path = briznichenkoProject/GalaxyMapSequence/Gallery;
			sourceTree = SOURCE_ROOT;
		};
		CE08339D477560BBCCECB2F5 /* Model */ = {
			isa = PBXGroup;
			children = (
				01D0BF4D57FC1930DA3252B8 /* SplashModel.h */,
				FBCA5ADCBD115C9AB49A436B /* SplashModel.m */,
			);
			path = Model;
			sourceTree = "<group>";
		};
		CF40C0534738719B173C7237 /* Sharing */ = {
			isa = PBXGroup;
			children = (
				8F11D7175FBCCDB942E888D2 /* Interface */,
				29CAA8EF671583A4FFDC07E3 /* Controller */,
				DE459FCDB34EDB5940CBFC47 /* View */,
				4896ABBBE6F66569B0EB3FBA /* Model */,
			);
			name = Sharing;
			path = briznichenkoProject/sequences/Sharing;
			sourceTree = SOURCE_ROOT;
		};
		D04E912A06B7771747ACC464 /* Controller */ = {
			isa = PBXGroup;
			children = (
				4E928FC0744F616841826F46 /* DescriptionController.h */,
				8E4D11EDFC9508140DFB2D82 /* DescriptionController.m */,
			);
			path = Controller;
			sourceTree = "<group>";
		};
		D890F05A488C904EC87121E0 /* Interface */ = {
			isa = PBXGroup;
			children = (
				5D90B169F1BF90A7F0EA5FD7 /* ViewerProtocols.h */,
			);
			path = Interface;
			sourceTree = "<group>";
		};
		DB60BD9F374F667C91417F25 /* Model */ = {
			isa = PBXGroup;
			children = (
				49FE96308F002A063E097E8C /* SideMenuModel.h */,
				986C4775EA43E46C6F607D47 /* SideMenuModel.m */,
			);
			path = Model;
			sourceTree = "<group>";
		};
		DB6B1BB75BAE83A5EC58D4FA /* Controller */ = {
			isa = PBXGroup;
			children = (
				4C2530C32ECA27BBDE54DAB3 /* SplashController.h */,
				889DCF003E402B28088ED2C9 /* SplashController.m */,
			);
			path = Controller;
			sourceTree = "<group>";
		};
		DE459FCDB34EDB5940CBFC47 /* View */ = {
			isa = PBXGroup;
			children = (
				AEFEAE924FD6EC5E4B271461 /* SharingViewController.h */,
				D93138367BDD80C8D9798DAF /* SharingViewController.m */,
				6BD44CC78F22DBCFEB90ECBA /* SharingView.h */,
				02B2302C3B5DAEE5C01170FA /* SharingView.m */,
			);
			path = View;
			sourceTree = "<group>";
		};
		E11F9C4E7D34C5683961A4B0 /* Model */ = {
			isa = PBXGroup;
			children = (
				8A6D8B6D12D95B1861E6B577 /* MapModel.h */,
				E6B62FDD043CBC37D89B9993 /* MapModel.m */,
			);
			path = Model;
			sourceTree = "<group>";
		};
		F9993D89DABC1D58D75D16C1 /* Model */ = {
			isa = PBXGroup;
			children = (
				4982716B85A15D31DFB58FA5 /* ViewerModel.h */,
				AF049F1F361EA682F2C04495 /* ViewerModel.m */,
			);
			path = Model;
			sourceTree = "<group>";
		};
		FAF5CFC2E5E91C391FD22FE8 /* Model */ = {
			isa = PBXGroup;
			children = (
				021F30786813A6A51E7C39FC /* GalleryModel.h */,
				086FA570171CC76A6FE256A1 /* GalleryModel.m */,
			);
			path = Model;
			sourceTree = "<group>";
		};
		FD8687A18967EBA1211B491E /* Description */ = {
			isa = PBXGroup;
			children = (
				D04E912A06B7771747ACC464 /* Controller */,
				62E7EF4C8AAEB95327988EA5 /* Interface */,
				A4672EFA12E0F88FF69DD143 /* Model */,
				9E6E5C555215370DD66AF96D /* View */,
			);
			name = Description;
			path = briznichenkoProject/GalaxyMapSequence/Description;
			sourceTree = SOURCE_ROOT;
		};
		FE2C170309453024512A160B /* EarthScreen */ = {
			isa = PBXGroup;
			children = (
				5DDE832FC671E4F11B8CE095 /* Interface */,
				677386D0F03F78D6BF519E97 /* Controller */,
				0817F7547F669C18523E8771 /* View */,
				301872B5440676523E6C9D68 /* Model */,
			);
			name = EarthScreen;
			path = briznichenkoProject/EarthSequence/EarthScreen;
			sourceTree = SOURCE_ROOT;
		};
/* End PBXGroup section */

/* Begin PBXNativeTarget section */
		7DFF4A271F1CCAB600E5A602 /* briznichenkoProject */ = {
			isa = PBXNativeTarget;
			buildConfigurationList = 7DFF4A421F1CCAB700E5A602 /* Build configuration list for PBXNativeTarget "briznichenkoProject" */;
			buildPhases = (
				7DFF4A241F1CCAB600E5A602 /* Sources */,
				7DFF4A251F1CCAB600E5A602 /* Frameworks */,
				7DFF4A261F1CCAB600E5A602 /* Resources */,
				7DA76F611F3B70B5002DF728 /* Embed Frameworks */,
			);
			buildRules = (
			);
			dependencies = (
			);
			name = briznichenkoProject;
			productName = briznichenkoProject;
			productReference = 7DFF4A281F1CCAB600E5A602 /* briznichenkoProject.app */;
			productType = "com.apple.product-type.application";
		};
/* End PBXNativeTarget section */

/* Begin PBXProject section */
		7DFF4A201F1CCAB600E5A602 /* Project object */ = {
			isa = PBXProject;
			attributes = {
				LastUpgradeCheck = 0830;
				ORGANIZATIONNAME = CHI;
				TargetAttributes = {
					7DFF4A271F1CCAB600E5A602 = {
						CreatedOnToolsVersion = 8.3.3;
						ProvisioningStyle = Automatic;
					};
				};
			};
			buildConfigurationList = 7DFF4A231F1CCAB600E5A602 /* Build configuration list for PBXProject "briznichenkoProject" */;
			compatibilityVersion = "Xcode 3.2";
			developmentRegion = English;
			hasScannedForEncodings = 0;
			knownRegions = (
				en,
				Base,
			);
			mainGroup = 7DFF4A1F1F1CCAB600E5A602;
			productRefGroup = 7DFF4A291F1CCAB600E5A602 /* Products */;
			projectDirPath = "";
			projectRoot = "";
			targets = (
				7DFF4A271F1CCAB600E5A602 /* briznichenkoProject */,
			);
		};
/* End PBXProject section */

/* Begin PBXResourcesBuildPhase section */
		7DFF4A261F1CCAB600E5A602 /* Resources */ = {
			isa = PBXResourcesBuildPhase;
			buildActionMask = 2147483647;
			files = (
				7DDA22071F1E36AD004155F6 /* AladinMap in Resources */,
				7DFF4A5E1F1D1C4800E5A602 /* Assets.xcassets in Resources */,
				7DFF4A601F1D1C4F00E5A602 /* giphy.gif in Resources */,
			);
			runOnlyForDeploymentPostprocessing = 0;
		};
/* End PBXResourcesBuildPhase section */

/* Begin PBXSourcesBuildPhase section */
		7DFF4A241F1CCAB600E5A602 /* Sources */ = {
			isa = PBXSourcesBuildPhase;
			buildActionMask = 2147483647;
			files = (
				7DFF4A301F1CCAB600E5A602 /* AppDelegate.m in Sources */,
				7DFF4A2D1F1CCAB600E5A602 /* main.m in Sources */,
				446790C28CB108671B117877 /* SplashController.m in Sources */,
				7DFF4A591F1D0C5F00E5A602 /* UIImage+animatedGIF.m in Sources */,
				97C53397EB8211CEC2002ED9 /* SplashViewController.m in Sources */,
				BEDA95780FB0D5E3287F982D /* SplashView.m in Sources */,
				7DAAC2361F34A0FD00C3B68D /* UIImage+Filtering.m in Sources */,
				874E0C3FC309BD8FCC1169D3 /* SplashModel.m in Sources */,
				6B41F1AEAD2C662CC9C85962 /* MapController.m in Sources */,
				9476C326EA9479D40064ECDD /* MapViewController.m in Sources */,
				7DA6C8131F274AE300A5BB0F /* RootNavigationController.m in Sources */,
				7DC0C4151F2A355A0080EEAE /* CelestialBodyEntity.m in Sources */,
				4A0A936BFA5CC4CAFB639843 /* MapView.m in Sources */,
				7DC0C4191F2A44490080EEAE /* PopupView.m in Sources */,
				9C3C22367C999D3D0C7DA47A /* MapModel.m in Sources */,
				CA0ADD97B62778ACE9B081FC /* SideMenuController.m in Sources */,
				712192C68226D93C6D7D2146 /* SideMenuViewController.m in Sources */,
				E94242F57C5EA3AC052D3734 /* SideMenuView.m in Sources */,
				43430E399E6BF45AE7F5A3B2 /* SideMenuModel.m in Sources */,
				CC4ED70D7F29451E6D37F40B /* DescriptionController.m in Sources */,
				7C4D6CC3D1D1B94522A3F92C /* DescriptionViewController.m in Sources */,
				5398CA681906669E1886394A /* DescriptionView.m in Sources */,
				2F18493DADA81D0000BBD546 /* DescriptionModel.m in Sources */,
				21D839BC5ABE824CB82EA68B /* GalleryController.m in Sources */,
				7DDC42471F3896FA00DA176D /* DataStorageManager.m in Sources */,
				7DC68FD51F39D32F007F7DF0 /* ManagedCelesctialBodyEntity.m in Sources */,
				7DC05E411F322A340090A29B /* CropView.m in Sources */,
				462F473668F899DEF8BB9C89 /* GalleryViewController.m in Sources */,
				7D19F31A1F2F7C60000202AA /* CustomFlowLayout.m in Sources */,
				AE6BB56F59EFA58A0891F53A /* GalleryView.m in Sources */,
				7D19F3161F2F782A000202AA /* CelestialBodyImageCell.m in Sources */,
				F73FEE53F825CB1119207AC9 /* GalleryModel.m in Sources */,
				82EB953C0B1C5E02732D3A76 /* ViewerController.m in Sources */,
				E263F3982514937F90FCA6D7 /* ViewerViewController.m in Sources */,
				919D596D82CAF831F166F153 /* ViewerView.m in Sources */,
				0901306A67F466751CCC1B45 /* ViewerModel.m in Sources */,
				5901308F8C95FB08D3267864 /* EarthScreenController.m in Sources */,
				232464A409C2FD670994FD16 /* EarthScreenViewController.m in Sources */,
				617A20AA12F5EB8CB91A4769 /* EarthScreenView.m in Sources */,
				74752222581ED58739D7D4B4 /* EarthScreenModel.m in Sources */,
				7DA76F521F3B5D82002DF728 /* ShareManager.m in Sources */,
				83160F7010C74BD0C6C68BDF /* SharingController.m in Sources */,
				94EFC8426024C0B7D1AF935F /* SharingViewController.m in Sources */,
				2FFF1EA6599AD58C1EF85D04 /* SharingView.m in Sources */,
				E852017126830DDB10E02B40 /* SharingModel.m in Sources */,
			);
			runOnlyForDeploymentPostprocessing = 0;
		};
/* End PBXSourcesBuildPhase section */

/* Begin XCBuildConfiguration section */
		7DFF4A401F1CCAB700E5A602 /* Debug */ = {
			isa = XCBuildConfiguration;
			buildSettings = {
				ALWAYS_SEARCH_USER_PATHS = NO;
				CLANG_ANALYZER_NONNULL = YES;
				CLANG_ANALYZER_NUMBER_OBJECT_CONVERSION = YES_AGGRESSIVE;
				CLANG_CXX_LANGUAGE_STANDARD = "gnu++0x";
				CLANG_CXX_LIBRARY = "libc++";
				CLANG_ENABLE_MODULES = YES;
				CLANG_ENABLE_OBJC_ARC = YES;
				CLANG_WARN_BOOL_CONVERSION = YES;
				CLANG_WARN_CONSTANT_CONVERSION = YES;
				CLANG_WARN_DIRECT_OBJC_ISA_USAGE = YES_ERROR;
				CLANG_WARN_DOCUMENTATION_COMMENTS = YES;
				CLANG_WARN_EMPTY_BODY = YES;
				CLANG_WARN_ENUM_CONVERSION = YES;
				CLANG_WARN_INFINITE_RECURSION = YES;
				CLANG_WARN_INT_CONVERSION = YES;
				CLANG_WARN_OBJC_ROOT_CLASS = YES_ERROR;
				CLANG_WARN_SUSPICIOUS_MOVE = YES;
				CLANG_WARN_UNREACHABLE_CODE = YES;
				CLANG_WARN__DUPLICATE_METHOD_MATCH = YES;
				"CODE_SIGN_IDENTITY[sdk=iphoneos*]" = "iPhone Developer";
				COPY_PHASE_STRIP = NO;
				DEBUG_INFORMATION_FORMAT = dwarf;
				ENABLE_STRICT_OBJC_MSGSEND = YES;
				ENABLE_TESTABILITY = YES;
				GCC_C_LANGUAGE_STANDARD = gnu99;
				GCC_DYNAMIC_NO_PIC = NO;
				GCC_NO_COMMON_BLOCKS = YES;
				GCC_OPTIMIZATION_LEVEL = 0;
				GCC_PREPROCESSOR_DEFINITIONS = (
					"DEBUG=1",
					"$(inherited)",
				);
				GCC_WARN_64_TO_32_BIT_CONVERSION = YES;
				GCC_WARN_ABOUT_RETURN_TYPE = YES_ERROR;
				GCC_WARN_UNDECLARED_SELECTOR = YES;
				GCC_WARN_UNINITIALIZED_AUTOS = YES_AGGRESSIVE;
				GCC_WARN_UNUSED_FUNCTION = YES;
				GCC_WARN_UNUSED_VARIABLE = YES;
				IPHONEOS_DEPLOYMENT_TARGET = 10.3;
				MTL_ENABLE_DEBUG_INFO = YES;
				ONLY_ACTIVE_ARCH = YES;
				SDKROOT = iphoneos;
				TARGETED_DEVICE_FAMILY = "1,2";
			};
			name = Debug;
		};
		7DFF4A411F1CCAB700E5A602 /* Release */ = {
			isa = XCBuildConfiguration;
			buildSettings = {
				ALWAYS_SEARCH_USER_PATHS = NO;
				CLANG_ANALYZER_NONNULL = YES;
				CLANG_ANALYZER_NUMBER_OBJECT_CONVERSION = YES_AGGRESSIVE;
				CLANG_CXX_LANGUAGE_STANDARD = "gnu++0x";
				CLANG_CXX_LIBRARY = "libc++";
				CLANG_ENABLE_MODULES = YES;
				CLANG_ENABLE_OBJC_ARC = YES;
				CLANG_WARN_BOOL_CONVERSION = YES;
				CLANG_WARN_CONSTANT_CONVERSION = YES;
				CLANG_WARN_DIRECT_OBJC_ISA_USAGE = YES_ERROR;
				CLANG_WARN_DOCUMENTATION_COMMENTS = YES;
				CLANG_WARN_EMPTY_BODY = YES;
				CLANG_WARN_ENUM_CONVERSION = YES;
				CLANG_WARN_INFINITE_RECURSION = YES;
				CLANG_WARN_INT_CONVERSION = YES;
				CLANG_WARN_OBJC_ROOT_CLASS = YES_ERROR;
				CLANG_WARN_SUSPICIOUS_MOVE = YES;
				CLANG_WARN_UNREACHABLE_CODE = YES;
				CLANG_WARN__DUPLICATE_METHOD_MATCH = YES;
				"CODE_SIGN_IDENTITY[sdk=iphoneos*]" = "iPhone Developer";
				COPY_PHASE_STRIP = NO;
				DEBUG_INFORMATION_FORMAT = "dwarf-with-dsym";
				ENABLE_NS_ASSERTIONS = NO;
				ENABLE_STRICT_OBJC_MSGSEND = YES;
				GCC_C_LANGUAGE_STANDARD = gnu99;
				GCC_NO_COMMON_BLOCKS = YES;
				GCC_WARN_64_TO_32_BIT_CONVERSION = YES;
				GCC_WARN_ABOUT_RETURN_TYPE = YES_ERROR;
				GCC_WARN_UNDECLARED_SELECTOR = YES;
				GCC_WARN_UNINITIALIZED_AUTOS = YES_AGGRESSIVE;
				GCC_WARN_UNUSED_FUNCTION = YES;
				GCC_WARN_UNUSED_VARIABLE = YES;
				IPHONEOS_DEPLOYMENT_TARGET = 10.3;
				MTL_ENABLE_DEBUG_INFO = NO;
				SDKROOT = iphoneos;
				TARGETED_DEVICE_FAMILY = "1,2";
				VALIDATE_PRODUCT = YES;
			};
			name = Release;
		};
		7DFF4A431F1CCAB700E5A602 /* Debug */ = {
			isa = XCBuildConfiguration;
			buildSettings = {
				ASSETCATALOG_COMPILER_APPICON_NAME = AppIcon;
				FRAMEWORK_SEARCH_PATHS = (
					"$(inherited)",
					"$(PROJECT_DIR)/briznichenkoProject/Twitter-Kit-iOS",
				);
				INFOPLIST_FILE = briznichenkoProject/Info.plist;
				LD_RUNPATH_SEARCH_PATHS = "$(inherited) @executable_path/Frameworks";
				PRODUCT_BUNDLE_IDENTIFIER = com.chi.briznichenko.briznichenkoProject;
				PRODUCT_NAME = "$(TARGET_NAME)";
			};
			name = Debug;
		};
		7DFF4A441F1CCAB700E5A602 /* Release */ = {
			isa = XCBuildConfiguration;
			buildSettings = {
				ASSETCATALOG_COMPILER_APPICON_NAME = AppIcon;
				FRAMEWORK_SEARCH_PATHS = (
					"$(inherited)",
					"$(PROJECT_DIR)/briznichenkoProject/Twitter-Kit-iOS",
				);
				INFOPLIST_FILE = briznichenkoProject/Info.plist;
				LD_RUNPATH_SEARCH_PATHS = "$(inherited) @executable_path/Frameworks";
				PRODUCT_BUNDLE_IDENTIFIER = com.chi.briznichenko.briznichenkoProject;
				PRODUCT_NAME = "$(TARGET_NAME)";
			};
			name = Release;
		};
/* End XCBuildConfiguration section */

/* Begin XCConfigurationList section */
		7DFF4A231F1CCAB600E5A602 /* Build configuration list for PBXProject "briznichenkoProject" */ = {
			isa = XCConfigurationList;
			buildConfigurations = (
				7DFF4A401F1CCAB700E5A602 /* Debug */,
				7DFF4A411F1CCAB700E5A602 /* Release */,
			);
			defaultConfigurationIsVisible = 0;
			defaultConfigurationName = Release;
		};
		7DFF4A421F1CCAB700E5A602 /* Build configuration list for PBXNativeTarget "briznichenkoProject" */ = {
			isa = XCConfigurationList;
			buildConfigurations = (
				7DFF4A431F1CCAB700E5A602 /* Debug */,
				7DFF4A441F1CCAB700E5A602 /* Release */,
			);
			defaultConfigurationIsVisible = 0;
			defaultConfigurationName = Release;
		};
/* End XCConfigurationList section */
	};
	rootObject = 7DFF4A201F1CCAB600E5A602 /* Project object */;
}
